PODS:
  - BartyCrouch (3.13.0)
  - Bolts (1.9.0):
    - Bolts/AppLinks (= 1.9.0)
    - Bolts/Tasks (= 1.9.0)
  - Bolts/AppLinks (1.9.0):
    - Bolts/Tasks
  - Bolts/Tasks (1.9.0)
  - FBSDKCoreKit (4.38.1):
    - Bolts (~> 1.9)
  - FBSDKLoginKit (4.38.1):
    - FBSDKCoreKit
  - GoogleMaps (2.7.0):
    - GoogleMaps/Maps (= 2.7.0)
  - GoogleMaps/Base (2.7.0)
  - GoogleMaps/Maps (2.7.0):
    - GoogleMaps/Base
  - ObjcExceptionBridging (1.0.1):
    - ObjcExceptionBridging/ObjcExceptionBridging (= 1.0.1)
  - ObjcExceptionBridging/ObjcExceptionBridging (1.0.1)
  - SideMenu (5.0.2)
  - SwiftGen (6.0.2)
  - SwiftyUserDefaults (4.0.0-alpha.1)
  - XCGLogger (6.1.0):
    - XCGLogger/Core (= 6.1.0)
  - XCGLogger/Core (6.1.0):
    - ObjcExceptionBridging

DEPENDENCIES:
  - BartyCrouch
  - FBSDKLoginKit
  - GoogleMaps
  - SideMenu
  - SwiftGen
  - SwiftyUserDefaults (= 4.0.0-alpha.1)
  - XCGLogger

SPEC REPOS:
  https://github.com/cocoapods/specs.git:
    - BartyCrouch
    - Bolts
    - FBSDKCoreKit
    - FBSDKLoginKit
    - GoogleMaps
    - ObjcExceptionBridging
    - SideMenu
    - SwiftGen
    - SwiftyUserDefaults
    - XCGLogger

SPEC CHECKSUMS:
  BartyCrouch: 69e5e6ec67e77951dc1c22aa48abbf05d175b81c
  Bolts: ac6567323eac61e203f6a9763667d0f711be34c8
  FBSDKCoreKit: 8d47857400e2f5bdea697a80daff882e91c84ef6
  FBSDKLoginKit: 4621c690d9dd8628031a4791497062183ea34b0d
  GoogleMaps: f79af95cb24d869457b1f961c93d3ce8b2f3b848
  ObjcExceptionBridging: c30e00eb3700467e695faeea30e26e18bd445001
  SideMenu: e5094f0b2e7d9609e100a90ae69025abd994f882
  SwiftGen: e5b047067aa84082826a0c4f1c4c2ddc95bcf74c
  SwiftyUserDefaults: cebe0ff9472f52699772a514b6f7155861d8069b
  XCGLogger: 7f7f43f15dfe3a305fa1342b7dc29af656289abd

PODFILE CHECKSUM: 7fd4c45ee6f91295c44c716f372b7dff36e0ac3c

COCOAPODS: 1.5.3
