PODS:
  - Bolts (1.9.0):
    - Bolts/AppLinks (= 1.9.0)
    - Bolts/Tasks (= 1.9.0)
  - Bolts/AppLinks (1.9.0):
    - Bolts/Tasks
  - Bolts/Tasks (1.9.0)
  - Cosmos (18.0.1)
  - Crashlytics (3.12.0):
    - Fabric (~> 1.9.0)
  - EDSunriseSet (1.0)
  - Fabric (1.9.0)
  - FastttCamera (0.3.4):
    - FastttCamera/Default (= 0.3.4)
  - FastttCamera/Default (0.3.4)
  - FBSDKCoreKit (4.40.0):
    - Bolts (~> 1.9)
  - FBSDKLoginKit (4.40.0):
    - FBSDKCoreKit
  - Firebase/Core (5.18.0):
    - Firebase/CoreOnly
    - FirebaseAnalytics (= 5.7.0)
  - Firebase/CoreOnly (5.18.0):
    - FirebaseCore (= 5.3.1)
  - Firebase/Performance (5.18.0):
    - Firebase/Core
    - FirebasePerformance (= 2.2.3)
  - FirebaseABTesting (2.0.0):
    - FirebaseCore (~> 5.0)
    - Protobuf (~> 3.5)
  - FirebaseAnalytics (5.7.0):
    - FirebaseCore (~> 5.3)
    - FirebaseInstanceID (~> 3.6)
    - GoogleAppMeasurement (= 5.7.0)
    - GoogleUtilities/AppDelegateSwizzler (~> 5.2)
    - GoogleUtilities/MethodSwizzler (~> 5.2)
    - GoogleUtilities/Network (~> 5.2)
    - "GoogleUtilities/NSData+zlib (~> 5.2)"
    - nanopb (~> 0.3)
  - FirebaseCore (5.3.1):
    - GoogleUtilities/Logger (~> 5.2)
  - FirebaseInstanceID (3.7.0):
    - FirebaseCore (~> 5.2)
    - GoogleUtilities/Environment (~> 5.2)
    - GoogleUtilities/UserDefaults (~> 5.2)
  - FirebasePerformance (2.2.3):
    - FirebaseAnalytics (~> 5.6)
    - FirebaseInstanceID (~> 3.5)
    - FirebaseRemoteConfig (~> 3.1)
    - GoogleToolboxForMac/Logger (~> 2.1)
    - "GoogleToolboxForMac/NSData+zlib (~> 2.1)"
    - GoogleUtilities/ISASwizzler (~> 5.2)
    - GoogleUtilities/MethodSwizzler (~> 5.2)
    - GTMSessionFetcher/Core (~> 1.1)
    - Protobuf (~> 3.5)
  - FirebaseRemoteConfig (3.1.0):
    - FirebaseABTesting (~> 2.0)
    - FirebaseAnalytics (~> 5.3)
    - FirebaseCore (~> 5.1)
    - FirebaseInstanceID (~> 3.3)
    - GoogleUtilities/Environment (~> 5.2)
    - "GoogleUtilities/NSData+zlib (~> 5.2)"
    - Protobuf (~> 3.5)
  - FlagPhoneNumber (0.7.2):
    - libPhoneNumber-iOS
  - GoogleAppMeasurement (5.7.0):
    - GoogleUtilities/AppDelegateSwizzler (~> 5.2)
    - GoogleUtilities/MethodSwizzler (~> 5.2)
    - GoogleUtilities/Network (~> 5.2)
    - "GoogleUtilities/NSData+zlib (~> 5.2)"
    - nanopb (~> 0.3)
  - GoogleMaps (3.0.3):
    - GoogleMaps/Maps (= 3.0.3)
  - GoogleMaps/Base (3.0.3)
  - GoogleMaps/Maps (3.0.3):
    - GoogleMaps/Base
  - GoogleToolboxForMac/Defines (2.2.0)
  - GoogleToolboxForMac/Logger (2.2.0):
    - GoogleToolboxForMac/Defines (= 2.2.0)
  - "GoogleToolboxForMac/NSData+zlib (2.2.0)":
    - GoogleToolboxForMac/Defines (= 2.2.0)
  - GoogleUtilities/AppDelegateSwizzler (5.3.7):
    - GoogleUtilities/Environment
    - GoogleUtilities/Logger
    - GoogleUtilities/Network
  - GoogleUtilities/Environment (5.3.7)
  - GoogleUtilities/ISASwizzler (5.3.7)
  - GoogleUtilities/Logger (5.3.7):
    - GoogleUtilities/Environment
  - GoogleUtilities/MethodSwizzler (5.3.7):
    - GoogleUtilities/Logger
  - GoogleUtilities/Network (5.3.7):
    - GoogleUtilities/Logger
    - "GoogleUtilities/NSData+zlib"
    - GoogleUtilities/Reachability
  - "GoogleUtilities/NSData+zlib (5.3.7)"
  - GoogleUtilities/Reachability (5.3.7):
    - GoogleUtilities/Logger
  - GoogleUtilities/UserDefaults (5.3.7):
    - GoogleUtilities/Logger
  - GTMSessionFetcher/Core (1.2.1)
  - IHKeyboardAvoiding (4.6)
  - Kingfisher (5.2.0)
  - libPhoneNumber-iOS (0.9.13)
  - MZAppearance (1.1.6)
  - MZFormSheetPresentationController (2.4.3):
    - MZAppearance
  - nanopb (0.3.901):
    - nanopb/decode (= 0.3.901)
    - nanopb/encode (= 0.3.901)
  - nanopb/decode (0.3.901)
  - nanopb/encode (0.3.901)
  - ObjcExceptionBridging (1.0.1):
    - ObjcExceptionBridging/ObjcExceptionBridging (= 1.0.1)
  - ObjcExceptionBridging/ObjcExceptionBridging (1.0.1)
  - ObjectMapper (3.4.2)
  - OneSignal (2.9.5)
  - PinCodeView (0.3.0):
    - PinCodeView/Core (= 0.3.0)
  - PinCodeView/Core (0.3.0)
  - PKHUD (5.2.1)
  - Protobuf (3.7.0)
  - R.swift (5.0.2):
    - R.swift.Library (~> 5.0.0)
  - R.swift.Library (5.0.0)
  - ReachabilitySwift (4.3.0)
  - RSKPlaceholderTextView (4.0.0)
  - SideMenu (5.0.3)
  - Stripe (14.0.0)
  - SwiftyUserDefaults (4.0.0-alpha.1)
  - XCGLogger (6.1.0):
    - XCGLogger/Core (= 6.1.0)
  - XCGLogger/Core (6.1.0):
    - ObjcExceptionBridging
  - ZendeskSDK (2.3.0):
    - ZendeskSDK/Providers (= 2.3.0)
    - ZendeskSDK/UI (= 2.3.0)
  - ZendeskSDK/Core (2.3.0)
  - ZendeskSDK/Providers (2.3.0):
    - ZendeskSDK/Core
  - ZendeskSDK/UI (2.3.0):
    - ZendeskSDK/Core
    - ZendeskSDK/Providers

DEPENDENCIES:
  - Cosmos
  - Crashlytics
  - EDSunriseSet
  - Fabric
  - FastttCamera
  - FBSDKLoginKit
  - Firebase/Core
  - Firebase/Performance
  - FlagPhoneNumber
  - GoogleMaps
  - IHKeyboardAvoiding
  - Kingfisher
  - MZFormSheetPresentationController
  - ObjectMapper
  - OneSignal
  - PinCodeView
  - PKHUD
  - R.swift
  - ReachabilitySwift
  - RSKPlaceholderTextView
  - SideMenu
  - Stripe
  - SwiftyUserDefaults (= 4.0.0-alpha.1)
  - XCGLogger
  - ZendeskSDK

SPEC REPOS:
  https://github.com/cocoapods/specs.git:
    - Bolts
    - Cosmos
    - Crashlytics
    - EDSunriseSet
    - Fabric
    - FastttCamera
    - FBSDKCoreKit
    - FBSDKLoginKit
    - Firebase
    - FirebaseABTesting
    - FirebaseAnalytics
    - FirebaseCore
    - FirebaseInstanceID
    - FirebasePerformance
    - FirebaseRemoteConfig
    - FlagPhoneNumber
    - GoogleAppMeasurement
    - GoogleMaps
    - GoogleToolboxForMac
    - GoogleUtilities
    - GTMSessionFetcher
    - IHKeyboardAvoiding
    - Kingfisher
    - libPhoneNumber-iOS
    - MZAppearance
    - MZFormSheetPresentationController
    - nanopb
    - ObjcExceptionBridging
    - ObjectMapper
    - OneSignal
    - PinCodeView
    - PKHUD
    - Protobuf
    - R.swift
    - R.swift.Library
    - ReachabilitySwift
    - RSKPlaceholderTextView
    - SideMenu
    - Stripe
    - SwiftyUserDefaults
    - XCGLogger
    - ZendeskSDK

SPEC CHECKSUMS:
  Bolts: ac6567323eac61e203f6a9763667d0f711be34c8
  Cosmos: 7dfaa3f52584ca5f94ab74b5c2e264019cc9f7f5
  Crashlytics: 07fb167b1694128c1c9a5a5cc319b0e9c3ca0933
  EDSunriseSet: bdc4760f496c8e6f9b9a727ffa645b6048aa2a09
  Fabric: f988e33c97f08930a413e08123064d2e5f68d655
  FastttCamera: 51f16712cbd5bdb08bc6231b957325c6be5e478d
  FBSDKCoreKit: ae214474b25033399c131dc81d258e412582a2ba
  FBSDKLoginKit: 7a1e411d46acc8834588eca437daf34de42e1d52
  Firebase: 02f3281965c075426141a0ce1277e9de6649cab9
  FirebaseABTesting: 1f50b8d50f5e3469eea54e7463a7b7fe221d1f5e
  FirebaseAnalytics: 23851fe602c872130a2c5c55040b302120346cc2
  FirebaseCore: 52f851b30e11360f1e67cf04b1edfebf0a47a2d3
  FirebaseInstanceID: bd6fc5a258884e206fd5c474ebe4f5b00e21770e
  FirebasePerformance: b97b1c301790b4fddc9fe675bca05b71c04e24a6
  FirebaseRemoteConfig: 7e11c65f0769c09bff6947997c209515058c5318
  FlagPhoneNumber: 86194d414c7e3b2f38c16136c4f8a5d34e3ee8b7
  GoogleAppMeasurement: 6cf307834da065863f9faf4c0de0a936d81dd832
  GoogleMaps: fd5c9fa58871781b9fb94d4936f19c69fe60ce32
  GoogleToolboxForMac: ff31605b7d66400dcec09bed5861689aebadda4d
  GoogleUtilities: 111a012f4c3a29c9e7c954c082fafd6ee3c999c0
  GTMSessionFetcher: 32aeca0aa144acea523e1c8e053089dec2cb98ca
  IHKeyboardAvoiding: 2a664fdb5f964359fa7ec8fc5c9aebb447583ff8
  Kingfisher: 07067cfacf371117330dceb4b4b8f5c4b691ab42
  libPhoneNumber-iOS: e444379ac18bbfbdefad571da735b2cd7e096caa
  MZAppearance: 0c06d3fa9cc55142f1da14bc8631fbe8fd6e19d5
  MZFormSheetPresentationController: fbfdbad31884f16fac17fbe3c44c168306cc1095
  nanopb: 2901f78ea1b7b4015c860c2fdd1ea2fee1a18d48
  ObjcExceptionBridging: c30e00eb3700467e695faeea30e26e18bd445001
  ObjectMapper: 0d4402610f4e468903ae64629eec4784531e5c51
  OneSignal: ccdeb961882f8668305e5b694e2cb7cb325fc907
  PinCodeView: d95d927c930d4c200c9af84958948f3ab80c944a
  PKHUD: 4e6162c4c39ac367c6934e9855c6b4762ee16256
  Protobuf: 7a877b7f3e5964e3fce995e2eb323dbc6831bb5a
  R.swift: 81455d81467763cbd3f4d79d938d05f4ac4c0228
  R.swift.Library: 0bf390e729bc10bb2c9e4fb78bd043164a7be4ff
  ReachabilitySwift: 408477d1b6ed9779dba301953171e017c31241f3
  RSKPlaceholderTextView: 15f1dc1883e103ea605874b863f19ff6b08496d5
  SideMenu: 1dcaabce84538c53325c287f7fe62999379a641c
  Stripe: db29ad197c74aca6fb981e4e8355cf7ebd0fca5a
  SwiftyUserDefaults: cebe0ff9472f52699772a514b6f7155861d8069b
  XCGLogger: 7f7f43f15dfe3a305fa1342b7dc29af656289abd
  ZendeskSDK: af6509ad7968d367f95b2645713802712152f879

PODFILE CHECKSUM: e9ca1c5e4c9555b1bf4aed978362f9558d8bfe65

COCOAPODS: 1.6.0
