// !$*UTF8*$!
{
	archiveVersion = 1;
	classes = {
	};
	objectVersion = 50;
	objects = {

/* Begin PBXBuildFile section */
		6B8731A3218997B600CC2651 /* Constants.swift in Sources */ = {isa = PBXBuildFile; fileRef = 6B8731A2218997B600CC2651 /* Constants.swift */; };
		6B8731A4218997B600CC2651 /* Constants.swift in Sources */ = {isa = PBXBuildFile; fileRef = 6B8731A2218997B600CC2651 /* Constants.swift */; };
		6B8731A72189A70600CC2651 /* UserDefaults.swift in Sources */ = {isa = PBXBuildFile; fileRef = 6B8731A62189A70600CC2651 /* UserDefaults.swift */; };
		6B8731A82189A70600CC2651 /* UserDefaults.swift in Sources */ = {isa = PBXBuildFile; fileRef = 6B8731A62189A70600CC2651 /* UserDefaults.swift */; };
		6B8731AB2189B9A500CC2651 /* Localizable.strings in Resources */ = {isa = PBXBuildFile; fileRef = 6B8731A92189B9A500CC2651 /* Localizable.strings */; };
		6B8731AC2189B9A500CC2651 /* Localizable.strings in Resources */ = {isa = PBXBuildFile; fileRef = 6B8731A92189B9A500CC2651 /* Localizable.strings */; };
		6B8731B02189BA8D00CC2651 /* Strings.swift in Sources */ = {isa = PBXBuildFile; fileRef = 6B8731AE2189BA8D00CC2651 /* Strings.swift */; };
		6B8731B12189BA8D00CC2651 /* Strings.swift in Sources */ = {isa = PBXBuildFile; fileRef = 6B8731AE2189BA8D00CC2651 /* Strings.swift */; };
		6B8731B22189BA8D00CC2651 /* Assets.swift in Sources */ = {isa = PBXBuildFile; fileRef = 6B8731AF2189BA8D00CC2651 /* Assets.swift */; };
		6B8731B32189BA8D00CC2651 /* Assets.swift in Sources */ = {isa = PBXBuildFile; fileRef = 6B8731AF2189BA8D00CC2651 /* Assets.swift */; };
		6B8731B62189BAC400CC2651 /* StoryboardSegues.swift in Sources */ = {isa = PBXBuildFile; fileRef = 6B8731B42189BAC400CC2651 /* StoryboardSegues.swift */; };
		6B8731B72189BAC400CC2651 /* StoryboardSegues.swift in Sources */ = {isa = PBXBuildFile; fileRef = 6B8731B42189BAC400CC2651 /* StoryboardSegues.swift */; };
		6B8731BD2189C2B900CC2651 /* SignIn.storyboard in Resources */ = {isa = PBXBuildFile; fileRef = 6B8731BB2189C2B900CC2651 /* SignIn.storyboard */; };
		6B8731BE2189C2B900CC2651 /* SignIn.storyboard in Resources */ = {isa = PBXBuildFile; fileRef = 6B8731BB2189C2B900CC2651 /* SignIn.storyboard */; };
		6B8731C02189C7FA00CC2651 /* SignInViewController.swift in Sources */ = {isa = PBXBuildFile; fileRef = 6B8731BF2189C7FA00CC2651 /* SignInViewController.swift */; };
		6B8731C12189C7FA00CC2651 /* SignInViewController.swift in Sources */ = {isa = PBXBuildFile; fileRef = 6B8731BF2189C7FA00CC2651 /* SignInViewController.swift */; };
		6B8731C32189CA0400CC2651 /* String+Validate.swift in Sources */ = {isa = PBXBuildFile; fileRef = 6B8731C22189CA0400CC2651 /* String+Validate.swift */; };
		6B8731C42189CA0400CC2651 /* String+Validate.swift in Sources */ = {isa = PBXBuildFile; fileRef = 6B8731C22189CA0400CC2651 /* String+Validate.swift */; };
		6B8731C62189D69800CC2651 /* VerificationCodeViewController.swift in Sources */ = {isa = PBXBuildFile; fileRef = 6B8731C52189D69800CC2651 /* VerificationCodeViewController.swift */; };
		6B8731C72189D69800CC2651 /* VerificationCodeViewController.swift in Sources */ = {isa = PBXBuildFile; fileRef = 6B8731C52189D69800CC2651 /* VerificationCodeViewController.swift */; };
		6B8731CA2189D86600CC2651 /* Onboard.storyboard in Resources */ = {isa = PBXBuildFile; fileRef = 6B8731C82189D86600CC2651 /* Onboard.storyboard */; };
		6B8731CB2189D86600CC2651 /* Onboard.storyboard in Resources */ = {isa = PBXBuildFile; fileRef = 6B8731C82189D86600CC2651 /* Onboard.storyboard */; };
		6B8731CD2189DA4A00CC2651 /* EnableLocationViewController.swift in Sources */ = {isa = PBXBuildFile; fileRef = 6B8731CC2189DA4A00CC2651 /* EnableLocationViewController.swift */; };
		6B8731CE2189DA4A00CC2651 /* EnableLocationViewController.swift in Sources */ = {isa = PBXBuildFile; fileRef = 6B8731CC2189DA4A00CC2651 /* EnableLocationViewController.swift */; };
		6B8731D02189DB7600CC2651 /* EnableNotificationViewController.swift in Sources */ = {isa = PBXBuildFile; fileRef = 6B8731CF2189DB7600CC2651 /* EnableNotificationViewController.swift */; };
		6B8731D12189DB7600CC2651 /* EnableNotificationViewController.swift in Sources */ = {isa = PBXBuildFile; fileRef = 6B8731CF2189DB7600CC2651 /* EnableNotificationViewController.swift */; };
		81E8C84519DD630C24B9B6DC /* Pods_Project_OTGRider.framework in Frameworks */ = {isa = PBXBuildFile; fileRef = D81CF8CCF05B3983496167E9 /* Pods_Project_OTGRider.framework */; };
		A0CFE79B21747BF000BA3F6D /* AppDelegate.swift in Sources */ = {isa = PBXBuildFile; fileRef = A0CFE79A21747BF000BA3F6D /* AppDelegate.swift */; };
		A0CFE79D21747BF000BA3F6D /* MapViewController.swift in Sources */ = {isa = PBXBuildFile; fileRef = A0CFE79C21747BF000BA3F6D /* MapViewController.swift */; };
		A0CFE7A021747BF000BA3F6D /* Main.storyboard in Resources */ = {isa = PBXBuildFile; fileRef = A0CFE79E21747BF000BA3F6D /* Main.storyboard */; };
		A0CFE7A221747BF500BA3F6D /* Assets.xcassets in Resources */ = {isa = PBXBuildFile; fileRef = A0CFE7A121747BF500BA3F6D /* Assets.xcassets */; };
		A0CFE7A521747BF500BA3F6D /* LaunchScreen.storyboard in Resources */ = {isa = PBXBuildFile; fileRef = A0CFE7A321747BF500BA3F6D /* LaunchScreen.storyboard */; };
		A0CFE7AE21747D2B00BA3F6D /* MapViewController.swift in Sources */ = {isa = PBXBuildFile; fileRef = A0CFE79C21747BF000BA3F6D /* MapViewController.swift */; };
		A0CFE7AF21747D2B00BA3F6D /* AppDelegate.swift in Sources */ = {isa = PBXBuildFile; fileRef = A0CFE79A21747BF000BA3F6D /* AppDelegate.swift */; };
		A0CFE7B221747D2B00BA3F6D /* LaunchScreen.storyboard in Resources */ = {isa = PBXBuildFile; fileRef = A0CFE7A321747BF500BA3F6D /* LaunchScreen.storyboard */; };
		A0CFE7B321747D2B00BA3F6D /* Assets.xcassets in Resources */ = {isa = PBXBuildFile; fileRef = A0CFE7A121747BF500BA3F6D /* Assets.xcassets */; };
		A0CFE7B421747D2B00BA3F6D /* Main.storyboard in Resources */ = {isa = PBXBuildFile; fileRef = A0CFE79E21747BF000BA3F6D /* Main.storyboard */; };
		A0CFE7BC21773C0200BA3F6D /* SideMenuViewController.swift in Sources */ = {isa = PBXBuildFile; fileRef = A0CFE7BB21773C0200BA3F6D /* SideMenuViewController.swift */; };
		A0CFE7BD21773C0200BA3F6D /* SideMenuViewController.swift in Sources */ = {isa = PBXBuildFile; fileRef = A0CFE7BB21773C0200BA3F6D /* SideMenuViewController.swift */; };
		F92173AEFB39765B42B5470F /* Pods_Project_OTGRider_staging.framework in Frameworks */ = {isa = PBXBuildFile; fileRef = E0DA4D11423EE5032D0FBB72 /* Pods_Project_OTGRider_staging.framework */; };
/* End PBXBuildFile section */

/* Begin PBXFileReference section */
		6B87319E2189643800CC2651 /* Staging-Info.plist */ = {isa = PBXFileReference; fileEncoding = 4; lastKnownFileType = text.plist.xml; path = "Staging-Info.plist"; sourceTree = "<group>"; };
		6B8731A0218968E000CC2651 /* Melbourne.gpx */ = {isa = PBXFileReference; lastKnownFileType = text.xml; path = Melbourne.gpx; sourceTree = "<group>"; };
		6B8731A2218997B600CC2651 /* Constants.swift */ = {isa = PBXFileReference; lastKnownFileType = sourcecode.swift; path = Constants.swift; sourceTree = "<group>"; };
		6B8731A62189A70600CC2651 /* UserDefaults.swift */ = {isa = PBXFileReference; lastKnownFileType = sourcecode.swift; path = UserDefaults.swift; sourceTree = "<group>"; };
		6B8731AA2189B9A500CC2651 /* Base */ = {isa = PBXFileReference; lastKnownFileType = text.plist.strings; name = Base; path = Base.lproj/Localizable.strings; sourceTree = "<group>"; };
		6B8731AE2189BA8D00CC2651 /* Strings.swift */ = {isa = PBXFileReference; fileEncoding = 4; lastKnownFileType = sourcecode.swift; path = Strings.swift; sourceTree = "<group>"; };
		6B8731AF2189BA8D00CC2651 /* Assets.swift */ = {isa = PBXFileReference; fileEncoding = 4; lastKnownFileType = sourcecode.swift; path = Assets.swift; sourceTree = "<group>"; };
		6B8731B42189BAC400CC2651 /* StoryboardSegues.swift */ = {isa = PBXFileReference; fileEncoding = 4; lastKnownFileType = sourcecode.swift; path = StoryboardSegues.swift; sourceTree = "<group>"; };
		6B8731BC2189C2B900CC2651 /* Base */ = {isa = PBXFileReference; lastKnownFileType = file.storyboard; name = Base; path = Base.lproj/SignIn.storyboard; sourceTree = "<group>"; };
		6B8731BF2189C7FA00CC2651 /* SignInViewController.swift */ = {isa = PBXFileReference; lastKnownFileType = sourcecode.swift; path = SignInViewController.swift; sourceTree = "<group>"; };
		6B8731C22189CA0400CC2651 /* String+Validate.swift */ = {isa = PBXFileReference; lastKnownFileType = sourcecode.swift; path = "String+Validate.swift"; sourceTree = "<group>"; };
		6B8731C52189D69800CC2651 /* VerificationCodeViewController.swift */ = {isa = PBXFileReference; lastKnownFileType = sourcecode.swift; path = VerificationCodeViewController.swift; sourceTree = "<group>"; };
		6B8731C92189D86600CC2651 /* Base */ = {isa = PBXFileReference; lastKnownFileType = file.storyboard; name = Base; path = Base.lproj/Onboard.storyboard; sourceTree = "<group>"; };
		6B8731CC2189DA4A00CC2651 /* EnableLocationViewController.swift */ = {isa = PBXFileReference; lastKnownFileType = sourcecode.swift; path = EnableLocationViewController.swift; sourceTree = "<group>"; };
		6B8731CF2189DB7600CC2651 /* EnableNotificationViewController.swift */ = {isa = PBXFileReference; lastKnownFileType = sourcecode.swift; path = EnableNotificationViewController.swift; sourceTree = "<group>"; };
		848109A96BFCE9E8CB0B64EB /* Pods-Project-OTGRider.debug.xcconfig */ = {isa = PBXFileReference; includeInIndex = 1; lastKnownFileType = text.xcconfig; name = "Pods-Project-OTGRider.debug.xcconfig"; path = "Pods/Target Support Files/Pods-Project-OTGRider/Pods-Project-OTGRider.debug.xcconfig"; sourceTree = "<group>"; };
		A0CFE79721747BF000BA3F6D /* OTGRider.app */ = {isa = PBXFileReference; explicitFileType = wrapper.application; includeInIndex = 0; path = OTGRider.app; sourceTree = BUILT_PRODUCTS_DIR; };
		A0CFE79A21747BF000BA3F6D /* AppDelegate.swift */ = {isa = PBXFileReference; lastKnownFileType = sourcecode.swift; path = AppDelegate.swift; sourceTree = "<group>"; };
		A0CFE79C21747BF000BA3F6D /* MapViewController.swift */ = {isa = PBXFileReference; lastKnownFileType = sourcecode.swift; path = MapViewController.swift; sourceTree = "<group>"; };
		A0CFE79F21747BF000BA3F6D /* Base */ = {isa = PBXFileReference; lastKnownFileType = file.storyboard; name = Base; path = Base.lproj/Main.storyboard; sourceTree = "<group>"; };
		A0CFE7A121747BF500BA3F6D /* Assets.xcassets */ = {isa = PBXFileReference; lastKnownFileType = folder.assetcatalog; path = Assets.xcassets; sourceTree = "<group>"; };
		A0CFE7A421747BF500BA3F6D /* Base */ = {isa = PBXFileReference; lastKnownFileType = file.storyboard; name = Base; path = Base.lproj/LaunchScreen.storyboard; sourceTree = "<group>"; };
		A0CFE7A621747BF500BA3F6D /* Info.plist */ = {isa = PBXFileReference; lastKnownFileType = text.plist.xml; path = Info.plist; sourceTree = "<group>"; };
		A0CFE7B821747D2B00BA3F6D /* OTGRider-staging.app */ = {isa = PBXFileReference; explicitFileType = wrapper.application; includeInIndex = 0; path = "OTGRider-staging.app"; sourceTree = BUILT_PRODUCTS_DIR; };
		A0CFE7BB21773C0200BA3F6D /* SideMenuViewController.swift */ = {isa = PBXFileReference; lastKnownFileType = sourcecode.swift; path = SideMenuViewController.swift; sourceTree = "<group>"; };
		C7D5E790534A2BF2E5A055CA /* Pods-Project-OTGRider.release.xcconfig */ = {isa = PBXFileReference; includeInIndex = 1; lastKnownFileType = text.xcconfig; name = "Pods-Project-OTGRider.release.xcconfig"; path = "Pods/Target Support Files/Pods-Project-OTGRider/Pods-Project-OTGRider.release.xcconfig"; sourceTree = "<group>"; };
		CDB8458ABF4555A18A854D54 /* Pods-Project-OTGRider-staging.release.xcconfig */ = {isa = PBXFileReference; includeInIndex = 1; lastKnownFileType = text.xcconfig; name = "Pods-Project-OTGRider-staging.release.xcconfig"; path = "Pods/Target Support Files/Pods-Project-OTGRider-staging/Pods-Project-OTGRider-staging.release.xcconfig"; sourceTree = "<group>"; };
		D4CD78A99E31FADB2BDC1666 /* Pods-Project-OTGRider-staging.debug.xcconfig */ = {isa = PBXFileReference; includeInIndex = 1; lastKnownFileType = text.xcconfig; name = "Pods-Project-OTGRider-staging.debug.xcconfig"; path = "Pods/Target Support Files/Pods-Project-OTGRider-staging/Pods-Project-OTGRider-staging.debug.xcconfig"; sourceTree = "<group>"; };
		D81CF8CCF05B3983496167E9 /* Pods_Project_OTGRider.framework */ = {isa = PBXFileReference; explicitFileType = wrapper.framework; includeInIndex = 0; path = Pods_Project_OTGRider.framework; sourceTree = BUILT_PRODUCTS_DIR; };
		E0DA4D11423EE5032D0FBB72 /* Pods_Project_OTGRider_staging.framework */ = {isa = PBXFileReference; explicitFileType = wrapper.framework; includeInIndex = 0; path = Pods_Project_OTGRider_staging.framework; sourceTree = BUILT_PRODUCTS_DIR; };
/* End PBXFileReference section */

/* Begin PBXFrameworksBuildPhase section */
		A0CFE79421747BF000BA3F6D /* Frameworks */ = {
			isa = PBXFrameworksBuildPhase;
			buildActionMask = 2147483647;
			files = (
				81E8C84519DD630C24B9B6DC /* Pods_Project_OTGRider.framework in Frameworks */,
			);
			runOnlyForDeploymentPostprocessing = 0;
		};
		A0CFE7B021747D2B00BA3F6D /* Frameworks */ = {
			isa = PBXFrameworksBuildPhase;
			buildActionMask = 2147483647;
			files = (
				F92173AEFB39765B42B5470F /* Pods_Project_OTGRider_staging.framework in Frameworks */,
			);
			runOnlyForDeploymentPostprocessing = 0;
		};
/* End PBXFrameworksBuildPhase section */

/* Begin PBXGroup section */
		43F92B2007DBC13F8C59318F /* Pods */ = {
			isa = PBXGroup;
			children = (
				848109A96BFCE9E8CB0B64EB /* Pods-Project-OTGRider.debug.xcconfig */,
				C7D5E790534A2BF2E5A055CA /* Pods-Project-OTGRider.release.xcconfig */,
				D4CD78A99E31FADB2BDC1666 /* Pods-Project-OTGRider-staging.debug.xcconfig */,
				CDB8458ABF4555A18A854D54 /* Pods-Project-OTGRider-staging.release.xcconfig */,
			);
			name = Pods;
			sourceTree = "<group>";
		};
		6B8731A1218997A000CC2651 /* Helpers */ = {
			isa = PBXGroup;
			children = (
				6B8731A2218997B600CC2651 /* Constants.swift */,
				6B8731C22189CA0400CC2651 /* String+Validate.swift */,
			);
			path = Helpers;
			sourceTree = "<group>";
		};
		6B8731A52189A6EC00CC2651 /* Models */ = {
			isa = PBXGroup;
			children = (
			);
			path = Models;
			sourceTree = "<group>";
		};
		6B8731AD2189BA6B00CC2651 /* Generated */ = {
			isa = PBXGroup;
			children = (
				6B8731AF2189BA8D00CC2651 /* Assets.swift */,
				6B8731AE2189BA8D00CC2651 /* Strings.swift */,
				6B8731B42189BAC400CC2651 /* StoryboardSegues.swift */,
			);
			path = Generated;
			sourceTree = "<group>";
		};
		A0CFE78E21747BF000BA3F6D = {
			isa = PBXGroup;
			children = (
				A0CFE79921747BF000BA3F6D /* OTGRider */,
				A0CFE79821747BF000BA3F6D /* Products */,
				43F92B2007DBC13F8C59318F /* Pods */,
				F39279E41308C0B2F4A73AC0 /* Frameworks */,
			);
			sourceTree = "<group>";
		};
		A0CFE79821747BF000BA3F6D /* Products */ = {
			isa = PBXGroup;
			children = (
				A0CFE79721747BF000BA3F6D /* OTGRider.app */,
				A0CFE7B821747D2B00BA3F6D /* OTGRider-staging.app */,
			);
			name = Products;
			sourceTree = "<group>";
		};
		A0CFE79921747BF000BA3F6D /* OTGRider */ = {
			isa = PBXGroup;
			children = (
				A0CFE79A21747BF000BA3F6D /* AppDelegate.swift */,
				6B8731A62189A70600CC2651 /* UserDefaults.swift */,
				6B8731AD2189BA6B00CC2651 /* Generated */,
				6B8731A52189A6EC00CC2651 /* Models */,
				6B8731A1218997A000CC2651 /* Helpers */,
				A0CFE7BA21773B7B00BA3F6D /* Controller */,
				A0CFE79E21747BF000BA3F6D /* Main.storyboard */,
				6B8731BB2189C2B900CC2651 /* SignIn.storyboard */,
				6B8731C82189D86600CC2651 /* Onboard.storyboard */,
				A0CFE7A121747BF500BA3F6D /* Assets.xcassets */,
				A0CFE7A321747BF500BA3F6D /* LaunchScreen.storyboard */,
				A0CFE7A621747BF500BA3F6D /* Info.plist */,
				6B87319E2189643800CC2651 /* Staging-Info.plist */,
				6B8731A0218968E000CC2651 /* Melbourne.gpx */,
				6B8731A92189B9A500CC2651 /* Localizable.strings */,
			);
			path = OTGRider;
			sourceTree = "<group>";
		};
		A0CFE7BA21773B7B00BA3F6D /* Controller */ = {
			isa = PBXGroup;
			children = (
				A0CFE79C21747BF000BA3F6D /* MapViewController.swift */,
				A0CFE7BB21773C0200BA3F6D /* SideMenuViewController.swift */,
				6B8731BF2189C7FA00CC2651 /* SignInViewController.swift */,
				6B8731C52189D69800CC2651 /* VerificationCodeViewController.swift */,
				6B8731CC2189DA4A00CC2651 /* EnableLocationViewController.swift */,
				6B8731CF2189DB7600CC2651 /* EnableNotificationViewController.swift */,
			);
			path = Controller;
			sourceTree = "<group>";
		};
		F39279E41308C0B2F4A73AC0 /* Frameworks */ = {
			isa = PBXGroup;
			children = (
				D81CF8CCF05B3983496167E9 /* Pods_Project_OTGRider.framework */,
				E0DA4D11423EE5032D0FBB72 /* Pods_Project_OTGRider_staging.framework */,
			);
			name = Frameworks;
			sourceTree = "<group>";
		};
/* End PBXGroup section */

/* Begin PBXNativeTarget section */
		A0CFE79621747BF000BA3F6D /* OTGRider */ = {
			isa = PBXNativeTarget;
			buildConfigurationList = A0CFE7A921747BF500BA3F6D /* Build configuration list for PBXNativeTarget "OTGRider" */;
			buildPhases = (
				707BD31321A77514E1E6DFB4 /* [CP] Check Pods Manifest.lock */,
				6B8731D3218A418900CC2651 /* Run Script - bartycrouch */,
				6B8731D4218A41A800CC2651 /* Run Script - swiftgen */,
				A0CFE79321747BF000BA3F6D /* Sources */,
				A0CFE79421747BF000BA3F6D /* Frameworks */,
				A0CFE79521747BF000BA3F6D /* Resources */,
				63D5FC4FF668E2EF6A31964F /* [CP] Embed Pods Frameworks */,
				4DA355E8F60E063C489CBA53 /* [CP] Copy Pods Resources */,
			);
			buildRules = (
			);
			dependencies = (
			);
			name = OTGRider;
			productName = OTGRider;
			productReference = A0CFE79721747BF000BA3F6D /* OTGRider.app */;
			productType = "com.apple.product-type.application";
		};
		A0CFE7AC21747D2B00BA3F6D /* OTGRider-staging */ = {
			isa = PBXNativeTarget;
			buildConfigurationList = A0CFE7B521747D2B00BA3F6D /* Build configuration list for PBXNativeTarget "OTGRider-staging" */;
			buildPhases = (
				E43CD957A6499CF142FF20F8 /* [CP] Check Pods Manifest.lock */,
				6B8731D2218A3EE300CC2651 /* Run Script - bartycrouch */,
				6B8731BA2189BB2500CC2651 /* Run Script - swiftgen */,
				A0CFE7AD21747D2B00BA3F6D /* Sources */,
				A0CFE7B021747D2B00BA3F6D /* Frameworks */,
				A0CFE7B121747D2B00BA3F6D /* Resources */,
				60FE65C59D3BA395F0FCE61E /* [CP] Embed Pods Frameworks */,
				CAD76B0E74731C1E07EFC9FB /* [CP] Copy Pods Resources */,
			);
			buildRules = (
			);
			dependencies = (
			);
			name = "OTGRider-staging";
			productName = OTGRider;
			productReference = A0CFE7B821747D2B00BA3F6D /* OTGRider-staging.app */;
			productType = "com.apple.product-type.application";
		};
/* End PBXNativeTarget section */

/* Begin PBXProject section */
		A0CFE78F21747BF000BA3F6D /* Project object */ = {
			isa = PBXProject;
			attributes = {
				LastSwiftUpdateCheck = 1000;
				LastUpgradeCheck = 1000;
				ORGANIZATIONNAME = OTGRide;
				TargetAttributes = {
					A0CFE79621747BF000BA3F6D = {
						CreatedOnToolsVersion = 10.0;
					};
				};
			};
			buildConfigurationList = A0CFE79221747BF000BA3F6D /* Build configuration list for PBXProject "OTGRider" */;
			compatibilityVersion = "Xcode 9.3";
			developmentRegion = en;
			hasScannedForEncodings = 0;
			knownRegions = (
				en,
				Base,
			);
			mainGroup = A0CFE78E21747BF000BA3F6D;
			productRefGroup = A0CFE79821747BF000BA3F6D /* Products */;
			projectDirPath = "";
			projectRoot = "";
			targets = (
				A0CFE79621747BF000BA3F6D /* OTGRider */,
				A0CFE7AC21747D2B00BA3F6D /* OTGRider-staging */,
			);
		};
/* End PBXProject section */

/* Begin PBXResourcesBuildPhase section */
		A0CFE79521747BF000BA3F6D /* Resources */ = {
			isa = PBXResourcesBuildPhase;
			buildActionMask = 2147483647;
			files = (
				A0CFE7A521747BF500BA3F6D /* LaunchScreen.storyboard in Resources */,
				6B8731BD2189C2B900CC2651 /* SignIn.storyboard in Resources */,
				6B8731AB2189B9A500CC2651 /* Localizable.strings in Resources */,
				A0CFE7A221747BF500BA3F6D /* Assets.xcassets in Resources */,
				6B8731CA2189D86600CC2651 /* Onboard.storyboard in Resources */,
				A0CFE7A021747BF000BA3F6D /* Main.storyboard in Resources */,
			);
			runOnlyForDeploymentPostprocessing = 0;
		};
		A0CFE7B121747D2B00BA3F6D /* Resources */ = {
			isa = PBXResourcesBuildPhase;
			buildActionMask = 2147483647;
			files = (
				A0CFE7B221747D2B00BA3F6D /* LaunchScreen.storyboard in Resources */,
				6B8731BE2189C2B900CC2651 /* SignIn.storyboard in Resources */,
				6B8731AC2189B9A500CC2651 /* Localizable.strings in Resources */,
				A0CFE7B321747D2B00BA3F6D /* Assets.xcassets in Resources */,
				6B8731CB2189D86600CC2651 /* Onboard.storyboard in Resources */,
				A0CFE7B421747D2B00BA3F6D /* Main.storyboard in Resources */,
			);
			runOnlyForDeploymentPostprocessing = 0;
		};
/* End PBXResourcesBuildPhase section */

/* Begin PBXShellScriptBuildPhase section */
		4DA355E8F60E063C489CBA53 /* [CP] Copy Pods Resources */ = {
			isa = PBXShellScriptBuildPhase;
			buildActionMask = 2147483647;
			files = (
			);
			inputPaths = (
				"${SRCROOT}/Pods/Target Support Files/Pods-Project-OTGRider/Pods-Project-OTGRider-resources.sh",
				"${PODS_ROOT}/GoogleMaps/Maps/Frameworks/GoogleMaps.framework/Resources/GoogleMaps.bundle",
			);
			name = "[CP] Copy Pods Resources";
			outputPaths = (
				"${TARGET_BUILD_DIR}/${UNLOCALIZED_RESOURCES_FOLDER_PATH}/GoogleMaps.bundle",
			);
			runOnlyForDeploymentPostprocessing = 0;
			shellPath = /bin/sh;
			shellScript = "\"${SRCROOT}/Pods/Target Support Files/Pods-Project-OTGRider/Pods-Project-OTGRider-resources.sh\"\n";
			showEnvVarsInLog = 0;
		};
		60FE65C59D3BA395F0FCE61E /* [CP] Embed Pods Frameworks */ = {
			isa = PBXShellScriptBuildPhase;
			buildActionMask = 2147483647;
			files = (
			);
			inputPaths = (
				"${SRCROOT}/Pods/Target Support Files/Pods-Project-OTGRider-staging/Pods-Project-OTGRider-staging-frameworks.sh",
				"${BUILT_PRODUCTS_DIR}/ObjcExceptionBridging/ObjcExceptionBridging.framework",
				"${BUILT_PRODUCTS_DIR}/SideMenu/SideMenu.framework",
				"${BUILT_PRODUCTS_DIR}/SwiftyUserDefaults/SwiftyUserDefaults.framework",
				"${BUILT_PRODUCTS_DIR}/XCGLogger/XCGLogger.framework",
			);
			name = "[CP] Embed Pods Frameworks";
			outputPaths = (
				"${TARGET_BUILD_DIR}/${FRAMEWORKS_FOLDER_PATH}/ObjcExceptionBridging.framework",
				"${TARGET_BUILD_DIR}/${FRAMEWORKS_FOLDER_PATH}/SideMenu.framework",
				"${TARGET_BUILD_DIR}/${FRAMEWORKS_FOLDER_PATH}/SwiftyUserDefaults.framework",
				"${TARGET_BUILD_DIR}/${FRAMEWORKS_FOLDER_PATH}/XCGLogger.framework",
			);
			runOnlyForDeploymentPostprocessing = 0;
			shellPath = /bin/sh;
			shellScript = "\"${SRCROOT}/Pods/Target Support Files/Pods-Project-OTGRider-staging/Pods-Project-OTGRider-staging-frameworks.sh\"\n";
			showEnvVarsInLog = 0;
		};
		63D5FC4FF668E2EF6A31964F /* [CP] Embed Pods Frameworks */ = {
			isa = PBXShellScriptBuildPhase;
			buildActionMask = 2147483647;
			files = (
			);
			inputPaths = (
				"${SRCROOT}/Pods/Target Support Files/Pods-Project-OTGRider/Pods-Project-OTGRider-frameworks.sh",
				"${BUILT_PRODUCTS_DIR}/ObjcExceptionBridging/ObjcExceptionBridging.framework",
				"${BUILT_PRODUCTS_DIR}/SideMenu/SideMenu.framework",
				"${BUILT_PRODUCTS_DIR}/SwiftyUserDefaults/SwiftyUserDefaults.framework",
				"${BUILT_PRODUCTS_DIR}/XCGLogger/XCGLogger.framework",
			);
			name = "[CP] Embed Pods Frameworks";
			outputPaths = (
				"${TARGET_BUILD_DIR}/${FRAMEWORKS_FOLDER_PATH}/ObjcExceptionBridging.framework",
				"${TARGET_BUILD_DIR}/${FRAMEWORKS_FOLDER_PATH}/SideMenu.framework",
				"${TARGET_BUILD_DIR}/${FRAMEWORKS_FOLDER_PATH}/SwiftyUserDefaults.framework",
				"${TARGET_BUILD_DIR}/${FRAMEWORKS_FOLDER_PATH}/XCGLogger.framework",
			);
			runOnlyForDeploymentPostprocessing = 0;
			shellPath = /bin/sh;
			shellScript = "\"${SRCROOT}/Pods/Target Support Files/Pods-Project-OTGRider/Pods-Project-OTGRider-frameworks.sh\"\n";
			showEnvVarsInLog = 0;
		};
		6B8731BA2189BB2500CC2651 /* Run Script - swiftgen */ = {
			isa = PBXShellScriptBuildPhase;
			buildActionMask = 2147483647;
			files = (
			);
			inputPaths = (
			);
			name = "Run Script - swiftgen";
			outputPaths = (
			);
			runOnlyForDeploymentPostprocessing = 0;
			shellPath = /bin/sh;
			shellScript = "$PODS_ROOT/SwiftGen/bin/swiftgen\n";
		};
		6B8731D2218A3EE300CC2651 /* Run Script - bartycrouch */ = {
			isa = PBXShellScriptBuildPhase;
			buildActionMask = 2147483647;
			files = (
			);
			inputFileListPaths = (
			);
			inputPaths = (
			);
			name = "Run Script - bartycrouch";
			outputFileListPaths = (
			);
			outputPaths = (
			);
			runOnlyForDeploymentPostprocessing = 0;
			shellPath = /bin/sh;
			shellScript = "# Incrementally update all Storyboards/XIBs strings files\n$PODS_ROOT/bartycrouch/bartycrouch interfaces -p \"$PROJECT_DIR/OTGRider\"\n\n# Add new keys to Localizable.strings files from NSLocalizedString in code\n$PODS_ROOT/bartycrouch/bartycrouch code -p \"$PROJECT_DIR/OTGRider\" -l \"$PROJECT_DIR\" -a -s\n\n# Warns if Strings files contain duplicate keys or removes duplicates automatically if values are equal\n$PODS_ROOT/bartycrouch/bartycrouch normalize -p \"$PROJECT_DIR/OTGRider\" -l en -d\n";
		};
		6B8731D3218A418900CC2651 /* Run Script - bartycrouch */ = {
			isa = PBXShellScriptBuildPhase;
			buildActionMask = 2147483647;
			files = (
			);
			inputFileListPaths = (
			);
			inputPaths = (
			);
			name = "Run Script - bartycrouch";
			outputFileListPaths = (
			);
			outputPaths = (
			);
			runOnlyForDeploymentPostprocessing = 0;
			shellPath = /bin/sh;
			shellScript = "# Incrementally update all Storyboards/XIBs strings files\n$PODS_ROOT/bartycrouch/bartycrouch interfaces -p \"$PROJECT_DIR/OTGRider\"\n\n# Add new keys to Localizable.strings files from NSLocalizedString in code\n$PODS_ROOT/bartycrouch/bartycrouch code -p \"$PROJECT_DIR/OTGRider\" -l \"$PROJECT_DIR\" -a -s\n\n# Warns if Strings files contain duplicate keys or removes duplicates automatically if values are equal\n$PODS_ROOT/bartycrouch/bartycrouch normalize -p \"$PROJECT_DIR/OTGRider\" -l en -d\n";
		};
		6B8731D4218A41A800CC2651 /* Run Script - swiftgen */ = {
			isa = PBXShellScriptBuildPhase;
			buildActionMask = 2147483647;
			files = (
			);
			inputFileListPaths = (
			);
			inputPaths = (
			);
			name = "Run Script - swiftgen";
			outputFileListPaths = (
			);
			outputPaths = (
			);
			runOnlyForDeploymentPostprocessing = 0;
			shellPath = /bin/sh;
			shellScript = "$PODS_ROOT/SwiftGen/bin/swiftgen\n";
		};
		707BD31321A77514E1E6DFB4 /* [CP] Check Pods Manifest.lock */ = {
			isa = PBXShellScriptBuildPhase;
			buildActionMask = 2147483647;
			files = (
			);
			inputPaths = (
				"${PODS_PODFILE_DIR_PATH}/Podfile.lock",
				"${PODS_ROOT}/Manifest.lock",
			);
			name = "[CP] Check Pods Manifest.lock";
			outputPaths = (
				"$(DERIVED_FILE_DIR)/Pods-Project-OTGRider-checkManifestLockResult.txt",
			);
			runOnlyForDeploymentPostprocessing = 0;
			shellPath = /bin/sh;
			shellScript = "diff \"${PODS_PODFILE_DIR_PATH}/Podfile.lock\" \"${PODS_ROOT}/Manifest.lock\" > /dev/null\nif [ $? != 0 ] ; then\n    # print error to STDERR\n    echo \"error: The sandbox is not in sync with the Podfile.lock. Run 'pod install' or update your CocoaPods installation.\" >&2\n    exit 1\nfi\n# This output is used by Xcode 'outputs' to avoid re-running this script phase.\necho \"SUCCESS\" > \"${SCRIPT_OUTPUT_FILE_0}\"\n";
			showEnvVarsInLog = 0;
		};
		CAD76B0E74731C1E07EFC9FB /* [CP] Copy Pods Resources */ = {
			isa = PBXShellScriptBuildPhase;
			buildActionMask = 2147483647;
			files = (
			);
			inputPaths = (
				"${SRCROOT}/Pods/Target Support Files/Pods-Project-OTGRider-staging/Pods-Project-OTGRider-staging-resources.sh",
				"${PODS_ROOT}/GoogleMaps/Maps/Frameworks/GoogleMaps.framework/Resources/GoogleMaps.bundle",
			);
			name = "[CP] Copy Pods Resources";
			outputPaths = (
				"${TARGET_BUILD_DIR}/${UNLOCALIZED_RESOURCES_FOLDER_PATH}/GoogleMaps.bundle",
			);
			runOnlyForDeploymentPostprocessing = 0;
			shellPath = /bin/sh;
			shellScript = "\"${SRCROOT}/Pods/Target Support Files/Pods-Project-OTGRider-staging/Pods-Project-OTGRider-staging-resources.sh\"\n";
			showEnvVarsInLog = 0;
		};
		E43CD957A6499CF142FF20F8 /* [CP] Check Pods Manifest.lock */ = {
			isa = PBXShellScriptBuildPhase;
			buildActionMask = 2147483647;
			files = (
			);
			inputPaths = (
				"${PODS_PODFILE_DIR_PATH}/Podfile.lock",
				"${PODS_ROOT}/Manifest.lock",
			);
			name = "[CP] Check Pods Manifest.lock";
			outputPaths = (
				"$(DERIVED_FILE_DIR)/Pods-Project-OTGRider-staging-checkManifestLockResult.txt",
			);
			runOnlyForDeploymentPostprocessing = 0;
			shellPath = /bin/sh;
			shellScript = "diff \"${PODS_PODFILE_DIR_PATH}/Podfile.lock\" \"${PODS_ROOT}/Manifest.lock\" > /dev/null\nif [ $? != 0 ] ; then\n    # print error to STDERR\n    echo \"error: The sandbox is not in sync with the Podfile.lock. Run 'pod install' or update your CocoaPods installation.\" >&2\n    exit 1\nfi\n# This output is used by Xcode 'outputs' to avoid re-running this script phase.\necho \"SUCCESS\" > \"${SCRIPT_OUTPUT_FILE_0}\"\n";
			showEnvVarsInLog = 0;
		};
/* End PBXShellScriptBuildPhase section */

/* Begin PBXSourcesBuildPhase section */
		A0CFE79321747BF000BA3F6D /* Sources */ = {
			isa = PBXSourcesBuildPhase;
			buildActionMask = 2147483647;
			files = (
				A0CFE79D21747BF000BA3F6D /* MapViewController.swift in Sources */,
				6B8731B22189BA8D00CC2651 /* Assets.swift in Sources */,
				6B8731C32189CA0400CC2651 /* String+Validate.swift in Sources */,
				6B8731A72189A70600CC2651 /* UserDefaults.swift in Sources */,
				A0CFE7BC21773C0200BA3F6D /* SideMenuViewController.swift in Sources */,
				A0CFE79B21747BF000BA3F6D /* AppDelegate.swift in Sources */,
				6B8731C02189C7FA00CC2651 /* SignInViewController.swift in Sources */,
				6B8731B02189BA8D00CC2651 /* Strings.swift in Sources */,
				6B8731CD2189DA4A00CC2651 /* EnableLocationViewController.swift in Sources */,
				6B8731C62189D69800CC2651 /* VerificationCodeViewController.swift in Sources */,
				6B8731B62189BAC400CC2651 /* StoryboardSegues.swift in Sources */,
				6B8731A3218997B600CC2651 /* Constants.swift in Sources */,
				6B8731D02189DB7600CC2651 /* EnableNotificationViewController.swift in Sources */,
			);
			runOnlyForDeploymentPostprocessing = 0;
		};
		A0CFE7AD21747D2B00BA3F6D /* Sources */ = {
			isa = PBXSourcesBuildPhase;
			buildActionMask = 2147483647;
			files = (
				A0CFE7AE21747D2B00BA3F6D /* MapViewController.swift in Sources */,
				6B8731B32189BA8D00CC2651 /* Assets.swift in Sources */,
				6B8731C42189CA0400CC2651 /* String+Validate.swift in Sources */,
				6B8731A82189A70600CC2651 /* UserDefaults.swift in Sources */,
				A0CFE7BD21773C0200BA3F6D /* SideMenuViewController.swift in Sources */,
				A0CFE7AF21747D2B00BA3F6D /* AppDelegate.swift in Sources */,
				6B8731C12189C7FA00CC2651 /* SignInViewController.swift in Sources */,
				6B8731B12189BA8D00CC2651 /* Strings.swift in Sources */,
				6B8731CE2189DA4A00CC2651 /* EnableLocationViewController.swift in Sources */,
				6B8731C72189D69800CC2651 /* VerificationCodeViewController.swift in Sources */,
				6B8731B72189BAC400CC2651 /* StoryboardSegues.swift in Sources */,
				6B8731A4218997B600CC2651 /* Constants.swift in Sources */,
				6B8731D12189DB7600CC2651 /* EnableNotificationViewController.swift in Sources */,
			);
			runOnlyForDeploymentPostprocessing = 0;
		};
/* End PBXSourcesBuildPhase section */

/* Begin PBXVariantGroup section */
		6B8731A92189B9A500CC2651 /* Localizable.strings */ = {
			isa = PBXVariantGroup;
			children = (
				6B8731AA2189B9A500CC2651 /* Base */,
			);
			name = Localizable.strings;
			sourceTree = "<group>";
		};
		6B8731BB2189C2B900CC2651 /* SignIn.storyboard */ = {
			isa = PBXVariantGroup;
			children = (
				6B8731BC2189C2B900CC2651 /* Base */,
			);
			name = SignIn.storyboard;
			sourceTree = "<group>";
		};
		6B8731C82189D86600CC2651 /* Onboard.storyboard */ = {
			isa = PBXVariantGroup;
			children = (
				6B8731C92189D86600CC2651 /* Base */,
			);
			name = Onboard.storyboard;
			sourceTree = "<group>";
		};
		A0CFE79E21747BF000BA3F6D /* Main.storyboard */ = {
			isa = PBXVariantGroup;
			children = (
				A0CFE79F21747BF000BA3F6D /* Base */,
			);
			name = Main.storyboard;
			sourceTree = "<group>";
		};
		A0CFE7A321747BF500BA3F6D /* LaunchScreen.storyboard */ = {
			isa = PBXVariantGroup;
			children = (
				A0CFE7A421747BF500BA3F6D /* Base */,
			);
			name = LaunchScreen.storyboard;
			sourceTree = "<group>";
		};
/* End PBXVariantGroup section */

/* Begin XCBuildConfiguration section */
		A0CFE7A721747BF500BA3F6D /* Debug */ = {
			isa = XCBuildConfiguration;
			buildSettings = {
				ALWAYS_SEARCH_USER_PATHS = NO;
				CLANG_ANALYZER_NONNULL = YES;
				CLANG_ANALYZER_NUMBER_OBJECT_CONVERSION = YES_AGGRESSIVE;
				CLANG_CXX_LANGUAGE_STANDARD = "gnu++14";
				CLANG_CXX_LIBRARY = "libc++";
				CLANG_ENABLE_MODULES = YES;
				CLANG_ENABLE_OBJC_ARC = YES;
				CLANG_ENABLE_OBJC_WEAK = YES;
				CLANG_WARN_BLOCK_CAPTURE_AUTORELEASING = YES;
				CLANG_WARN_BOOL_CONVERSION = YES;
				CLANG_WARN_COMMA = YES;
				CLANG_WARN_CONSTANT_CONVERSION = YES;
				CLANG_WARN_DEPRECATED_OBJC_IMPLEMENTATIONS = YES;
				CLANG_WARN_DIRECT_OBJC_ISA_USAGE = YES_ERROR;
				CLANG_WARN_DOCUMENTATION_COMMENTS = YES;
				CLANG_WARN_EMPTY_BODY = YES;
				CLANG_WARN_ENUM_CONVERSION = YES;
				CLANG_WARN_INFINITE_RECURSION = YES;
				CLANG_WARN_INT_CONVERSION = YES;
				CLANG_WARN_NON_LITERAL_NULL_CONVERSION = YES;
				CLANG_WARN_OBJC_IMPLICIT_RETAIN_SELF = YES;
				CLANG_WARN_OBJC_LITERAL_CONVERSION = YES;
				CLANG_WARN_OBJC_ROOT_CLASS = YES_ERROR;
				CLANG_WARN_RANGE_LOOP_ANALYSIS = YES;
				CLANG_WARN_STRICT_PROTOTYPES = YES;
				CLANG_WARN_SUSPICIOUS_MOVE = YES;
				CLANG_WARN_UNGUARDED_AVAILABILITY = YES_AGGRESSIVE;
				CLANG_WARN_UNREACHABLE_CODE = YES;
				CLANG_WARN__DUPLICATE_METHOD_MATCH = YES;
				CODE_SIGN_IDENTITY = "iPhone Developer";
				COPY_PHASE_STRIP = NO;
				DEBUG_INFORMATION_FORMAT = dwarf;
				ENABLE_STRICT_OBJC_MSGSEND = YES;
				ENABLE_TESTABILITY = YES;
				GCC_C_LANGUAGE_STANDARD = gnu11;
				GCC_DYNAMIC_NO_PIC = NO;
				GCC_NO_COMMON_BLOCKS = YES;
				GCC_OPTIMIZATION_LEVEL = 0;
				GCC_PREPROCESSOR_DEFINITIONS = (
					"DEBUG=1",
					"$(inherited)",
				);
				GCC_WARN_64_TO_32_BIT_CONVERSION = YES;
				GCC_WARN_ABOUT_RETURN_TYPE = YES_ERROR;
				GCC_WARN_UNDECLARED_SELECTOR = YES;
				GCC_WARN_UNINITIALIZED_AUTOS = YES_AGGRESSIVE;
				GCC_WARN_UNUSED_FUNCTION = YES;
				GCC_WARN_UNUSED_VARIABLE = YES;
				IPHONEOS_DEPLOYMENT_TARGET = 10.0;
				MTL_ENABLE_DEBUG_INFO = INCLUDE_SOURCE;
				MTL_FAST_MATH = YES;
				ONLY_ACTIVE_ARCH = YES;
				SDKROOT = iphoneos;
				SWIFT_ACTIVE_COMPILATION_CONDITIONS = DEBUG;
				SWIFT_OPTIMIZATION_LEVEL = "-Onone";
			};
			name = Debug;
		};
		A0CFE7A821747BF500BA3F6D /* Release */ = {
			isa = XCBuildConfiguration;
			buildSettings = {
				ALWAYS_SEARCH_USER_PATHS = NO;
				CLANG_ANALYZER_NONNULL = YES;
				CLANG_ANALYZER_NUMBER_OBJECT_CONVERSION = YES_AGGRESSIVE;
				CLANG_CXX_LANGUAGE_STANDARD = "gnu++14";
				CLANG_CXX_LIBRARY = "libc++";
				CLANG_ENABLE_MODULES = YES;
				CLANG_ENABLE_OBJC_ARC = YES;
				CLANG_ENABLE_OBJC_WEAK = YES;
				CLANG_WARN_BLOCK_CAPTURE_AUTORELEASING = YES;
				CLANG_WARN_BOOL_CONVERSION = YES;
				CLANG_WARN_COMMA = YES;
				CLANG_WARN_CONSTANT_CONVERSION = YES;
				CLANG_WARN_DEPRECATED_OBJC_IMPLEMENTATIONS = YES;
				CLANG_WARN_DIRECT_OBJC_ISA_USAGE = YES_ERROR;
				CLANG_WARN_DOCUMENTATION_COMMENTS = YES;
				CLANG_WARN_EMPTY_BODY = YES;
				CLANG_WARN_ENUM_CONVERSION = YES;
				CLANG_WARN_INFINITE_RECURSION = YES;
				CLANG_WARN_INT_CONVERSION = YES;
				CLANG_WARN_NON_LITERAL_NULL_CONVERSION = YES;
				CLANG_WARN_OBJC_IMPLICIT_RETAIN_SELF = YES;
				CLANG_WARN_OBJC_LITERAL_CONVERSION = YES;
				CLANG_WARN_OBJC_ROOT_CLASS = YES_ERROR;
				CLANG_WARN_RANGE_LOOP_ANALYSIS = YES;
				CLANG_WARN_STRICT_PROTOTYPES = YES;
				CLANG_WARN_SUSPICIOUS_MOVE = YES;
				CLANG_WARN_UNGUARDED_AVAILABILITY = YES_AGGRESSIVE;
				CLANG_WARN_UNREACHABLE_CODE = YES;
				CLANG_WARN__DUPLICATE_METHOD_MATCH = YES;
				CODE_SIGN_IDENTITY = "iPhone Developer";
				COPY_PHASE_STRIP = NO;
				DEBUG_INFORMATION_FORMAT = "dwarf-with-dsym";
				ENABLE_NS_ASSERTIONS = NO;
				ENABLE_STRICT_OBJC_MSGSEND = YES;
				GCC_C_LANGUAGE_STANDARD = gnu11;
				GCC_NO_COMMON_BLOCKS = YES;
				GCC_WARN_64_TO_32_BIT_CONVERSION = YES;
				GCC_WARN_ABOUT_RETURN_TYPE = YES_ERROR;
				GCC_WARN_UNDECLARED_SELECTOR = YES;
				GCC_WARN_UNINITIALIZED_AUTOS = YES_AGGRESSIVE;
				GCC_WARN_UNUSED_FUNCTION = YES;
				GCC_WARN_UNUSED_VARIABLE = YES;
				IPHONEOS_DEPLOYMENT_TARGET = 10.0;
				MTL_ENABLE_DEBUG_INFO = NO;
				MTL_FAST_MATH = YES;
				SDKROOT = iphoneos;
				SWIFT_COMPILATION_MODE = wholemodule;
				SWIFT_OPTIMIZATION_LEVEL = "-O";
				VALIDATE_PRODUCT = YES;
			};
			name = Release;
		};
		A0CFE7AA21747BF500BA3F6D /* Debug */ = {
			isa = XCBuildConfiguration;
			baseConfigurationReference = 848109A96BFCE9E8CB0B64EB /* Pods-Project-OTGRider.debug.xcconfig */;
			buildSettings = {
				ASSETCATALOG_COMPILER_APPICON_NAME = AppIcon;
				CODE_SIGN_STYLE = Automatic;
				DEVELOPMENT_TEAM = VQXKH8T8SZ;
				INFOPLIST_FILE = OTGRider/Info.plist;
				LD_RUNPATH_SEARCH_PATHS = (
					"$(inherited)",
					"@executable_path/Frameworks",
				);
				PRODUCT_BUNDLE_IDENTIFIER = com.otgride.ios.rider;
				PRODUCT_NAME = "$(TARGET_NAME)";
				SWIFT_VERSION = 4.2;
				TARGETED_DEVICE_FAMILY = 1;
			};
			name = Debug;
		};
		A0CFE7AB21747BF500BA3F6D /* Release */ = {
			isa = XCBuildConfiguration;
			baseConfigurationReference = C7D5E790534A2BF2E5A055CA /* Pods-Project-OTGRider.release.xcconfig */;
			buildSettings = {
				ASSETCATALOG_COMPILER_APPICON_NAME = AppIcon;
				CODE_SIGN_STYLE = Automatic;
				DEVELOPMENT_TEAM = VQXKH8T8SZ;
				INFOPLIST_FILE = OTGRider/Info.plist;
				LD_RUNPATH_SEARCH_PATHS = (
					"$(inherited)",
					"@executable_path/Frameworks",
				);
				PRODUCT_BUNDLE_IDENTIFIER = com.otgride.ios.rider;
				PRODUCT_NAME = "$(TARGET_NAME)";
				SWIFT_VERSION = 4.2;
				TARGETED_DEVICE_FAMILY = 1;
			};
			name = Release;
		};
		A0CFE7B621747D2B00BA3F6D /* Debug */ = {
			isa = XCBuildConfiguration;
			baseConfigurationReference = D4CD78A99E31FADB2BDC1666 /* Pods-Project-OTGRider-staging.debug.xcconfig */;
			buildSettings = {
				ASSETCATALOG_COMPILER_APPICON_NAME = AppIcon;
				CODE_SIGN_STYLE = Automatic;
				DEVELOPMENT_TEAM = VQXKH8T8SZ;
				INFOPLIST_FILE = "$(SRCROOT)/OTGRider/Staging-Info.plist";
				LD_RUNPATH_SEARCH_PATHS = (
					"$(inherited)",
					"@executable_path/Frameworks",
				);
				PRODUCT_BUNDLE_IDENTIFIER = com.otgride.ios.rider.staging;
				PRODUCT_NAME = "$(TARGET_NAME)";
				SWIFT_VERSION = 4.2;
				TARGETED_DEVICE_FAMILY = 1;
			};
			name = Debug;
		};
		A0CFE7B721747D2B00BA3F6D /* Release */ = {
			isa = XCBuildConfiguration;
			baseConfigurationReference = CDB8458ABF4555A18A854D54 /* Pods-Project-OTGRider-staging.release.xcconfig */;
			buildSettings = {
				ASSETCATALOG_COMPILER_APPICON_NAME = AppIcon;
				CODE_SIGN_STYLE = Automatic;
				DEVELOPMENT_TEAM = VQXKH8T8SZ;
				INFOPLIST_FILE = "$(SRCROOT)/OTGRider/Staging-Info.plist";
				LD_RUNPATH_SEARCH_PATHS = (
					"$(inherited)",
					"@executable_path/Frameworks",
				);
				PRODUCT_BUNDLE_IDENTIFIER = com.otgride.ios.rider.staging;
				PRODUCT_NAME = "$(TARGET_NAME)";
				SWIFT_VERSION = 4.2;
				TARGETED_DEVICE_FAMILY = 1;
			};
			name = Release;
		};
/* End XCBuildConfiguration section */

/* Begin XCConfigurationList section */
		A0CFE79221747BF000BA3F6D /* Build configuration list for PBXProject "OTGRider" */ = {
			isa = XCConfigurationList;
			buildConfigurations = (
				A0CFE7A721747BF500BA3F6D /* Debug */,
				A0CFE7A821747BF500BA3F6D /* Release */,
			);
			defaultConfigurationIsVisible = 0;
			defaultConfigurationName = Release;
		};
		A0CFE7A921747BF500BA3F6D /* Build configuration list for PBXNativeTarget "OTGRider" */ = {
			isa = XCConfigurationList;
			buildConfigurations = (
				A0CFE7AA21747BF500BA3F6D /* Debug */,
				A0CFE7AB21747BF500BA3F6D /* Release */,
			);
			defaultConfigurationIsVisible = 0;
			defaultConfigurationName = Release;
		};
		A0CFE7B521747D2B00BA3F6D /* Build configuration list for PBXNativeTarget "OTGRider-staging" */ = {
			isa = XCConfigurationList;
			buildConfigurations = (
				A0CFE7B621747D2B00BA3F6D /* Debug */,
				A0CFE7B721747D2B00BA3F6D /* Release */,
			);
			defaultConfigurationIsVisible = 0;
			defaultConfigurationName = Release;
		};
/* End XCConfigurationList section */
	};
	rootObject = A0CFE78F21747BF000BA3F6D /* Project object */;
}
