// !$*UTF8*$!
{
	archiveVersion = 1;
	classes = {
	};
	objectVersion = 50;
	objects = {

/* Begin PBXBuildFile section */
		470D7A8D9BA5E54FE9E79E82 /* Pods_Project_OTGRider_dev.framework in Frameworks */ = {isa = PBXBuildFile; fileRef = 1D4706DCFA6C56492D699F48 /* Pods_Project_OTGRider_dev.framework */; };
		6B214AE0219564CD00553C3D /* EditNameViewController.swift in Sources */ = {isa = PBXBuildFile; fileRef = 6B214ADF219564CD00553C3D /* EditNameViewController.swift */; };
		6B214AE1219564CD00553C3D /* EditNameViewController.swift in Sources */ = {isa = PBXBuildFile; fileRef = 6B214ADF219564CD00553C3D /* EditNameViewController.swift */; };
		6B214AE2219564CD00553C3D /* EditNameViewController.swift in Sources */ = {isa = PBXBuildFile; fileRef = 6B214ADF219564CD00553C3D /* EditNameViewController.swift */; };
		6B214AE42195701C00553C3D /* EditEmailViewController.swift in Sources */ = {isa = PBXBuildFile; fileRef = 6B214AE32195701C00553C3D /* EditEmailViewController.swift */; };
		6B214AE52195701C00553C3D /* EditEmailViewController.swift in Sources */ = {isa = PBXBuildFile; fileRef = 6B214AE32195701C00553C3D /* EditEmailViewController.swift */; };
		6B214AE62195701C00553C3D /* EditEmailViewController.swift in Sources */ = {isa = PBXBuildFile; fileRef = 6B214AE32195701C00553C3D /* EditEmailViewController.swift */; };
		6B214AE821958ED100553C3D /* EditPhoneViewController.swift in Sources */ = {isa = PBXBuildFile; fileRef = 6B214AE721958ED100553C3D /* EditPhoneViewController.swift */; };
		6B214AE921958ED100553C3D /* EditPhoneViewController.swift in Sources */ = {isa = PBXBuildFile; fileRef = 6B214AE721958ED100553C3D /* EditPhoneViewController.swift */; };
		6B214AEA21958ED100553C3D /* EditPhoneViewController.swift in Sources */ = {isa = PBXBuildFile; fileRef = 6B214AE721958ED100553C3D /* EditPhoneViewController.swift */; };
		6B214AEC2195B66300553C3D /* Double+Currency.swift in Sources */ = {isa = PBXBuildFile; fileRef = 6B214AEB2195B66300553C3D /* Double+Currency.swift */; };
		6B214AED2195B66300553C3D /* Double+Currency.swift in Sources */ = {isa = PBXBuildFile; fileRef = 6B214AEB2195B66300553C3D /* Double+Currency.swift */; };
		6B214AEE2195B66300553C3D /* Double+Currency.swift in Sources */ = {isa = PBXBuildFile; fileRef = 6B214AEB2195B66300553C3D /* Double+Currency.swift */; };
		6B444FE72191AC2E00DFB787 /* EmailAuthViewController.swift in Sources */ = {isa = PBXBuildFile; fileRef = 6B444FE62191AC2E00DFB787 /* EmailAuthViewController.swift */; };
		6B444FE82191AC2E00DFB787 /* EmailAuthViewController.swift in Sources */ = {isa = PBXBuildFile; fileRef = 6B444FE62191AC2E00DFB787 /* EmailAuthViewController.swift */; };
		6B444FE92191AC2E00DFB787 /* EmailAuthViewController.swift in Sources */ = {isa = PBXBuildFile; fileRef = 6B444FE62191AC2E00DFB787 /* EmailAuthViewController.swift */; };
		6B849D4521941EB300CD9791 /* AuthService.swift in Sources */ = {isa = PBXBuildFile; fileRef = 6B849D4321941EB300CD9791 /* AuthService.swift */; };
		6B849D4621941EB300CD9791 /* AuthService.swift in Sources */ = {isa = PBXBuildFile; fileRef = 6B849D4321941EB300CD9791 /* AuthService.swift */; };
		6B849D4721941EB300CD9791 /* AuthService.swift in Sources */ = {isa = PBXBuildFile; fileRef = 6B849D4321941EB300CD9791 /* AuthService.swift */; };
		6B849D4821941EB300CD9791 /* PhoneService.swift in Sources */ = {isa = PBXBuildFile; fileRef = 6B849D4421941EB300CD9791 /* PhoneService.swift */; };
		6B849D4921941EB300CD9791 /* PhoneService.swift in Sources */ = {isa = PBXBuildFile; fileRef = 6B849D4421941EB300CD9791 /* PhoneService.swift */; };
		6B849D4A21941EB300CD9791 /* PhoneService.swift in Sources */ = {isa = PBXBuildFile; fileRef = 6B849D4421941EB300CD9791 /* PhoneService.swift */; };
		6B8731A3218997B600CC2651 /* Constants.swift in Sources */ = {isa = PBXBuildFile; fileRef = 6B8731A2218997B600CC2651 /* Constants.swift */; };
		6B8731A4218997B600CC2651 /* Constants.swift in Sources */ = {isa = PBXBuildFile; fileRef = 6B8731A2218997B600CC2651 /* Constants.swift */; };
		6B8731A72189A70600CC2651 /* UserDefaults.swift in Sources */ = {isa = PBXBuildFile; fileRef = 6B8731A62189A70600CC2651 /* UserDefaults.swift */; };
		6B8731A82189A70600CC2651 /* UserDefaults.swift in Sources */ = {isa = PBXBuildFile; fileRef = 6B8731A62189A70600CC2651 /* UserDefaults.swift */; };
		6B8731AB2189B9A500CC2651 /* Localizable.strings in Resources */ = {isa = PBXBuildFile; fileRef = 6B8731A92189B9A500CC2651 /* Localizable.strings */; };
		6B8731AC2189B9A500CC2651 /* Localizable.strings in Resources */ = {isa = PBXBuildFile; fileRef = 6B8731A92189B9A500CC2651 /* Localizable.strings */; };
		6B8731B02189BA8D00CC2651 /* Strings.swift in Sources */ = {isa = PBXBuildFile; fileRef = 6B8731AE2189BA8D00CC2651 /* Strings.swift */; };
		6B8731B12189BA8D00CC2651 /* Strings.swift in Sources */ = {isa = PBXBuildFile; fileRef = 6B8731AE2189BA8D00CC2651 /* Strings.swift */; };
		6B8731B22189BA8D00CC2651 /* Assets.swift in Sources */ = {isa = PBXBuildFile; fileRef = 6B8731AF2189BA8D00CC2651 /* Assets.swift */; };
		6B8731B32189BA8D00CC2651 /* Assets.swift in Sources */ = {isa = PBXBuildFile; fileRef = 6B8731AF2189BA8D00CC2651 /* Assets.swift */; };
		6B8731B62189BAC400CC2651 /* StoryboardSegues.swift in Sources */ = {isa = PBXBuildFile; fileRef = 6B8731B42189BAC400CC2651 /* StoryboardSegues.swift */; };
		6B8731B72189BAC400CC2651 /* StoryboardSegues.swift in Sources */ = {isa = PBXBuildFile; fileRef = 6B8731B42189BAC400CC2651 /* StoryboardSegues.swift */; };
		6B8731BD2189C2B900CC2651 /* SignIn.storyboard in Resources */ = {isa = PBXBuildFile; fileRef = 6B8731BB2189C2B900CC2651 /* SignIn.storyboard */; };
		6B8731BE2189C2B900CC2651 /* SignIn.storyboard in Resources */ = {isa = PBXBuildFile; fileRef = 6B8731BB2189C2B900CC2651 /* SignIn.storyboard */; };
		6B8731C02189C7FA00CC2651 /* SignInViewController.swift in Sources */ = {isa = PBXBuildFile; fileRef = 6B8731BF2189C7FA00CC2651 /* SignInViewController.swift */; };
		6B8731C12189C7FA00CC2651 /* SignInViewController.swift in Sources */ = {isa = PBXBuildFile; fileRef = 6B8731BF2189C7FA00CC2651 /* SignInViewController.swift */; };
		6B8731C32189CA0400CC2651 /* String+Validate.swift in Sources */ = {isa = PBXBuildFile; fileRef = 6B8731C22189CA0400CC2651 /* String+Validate.swift */; };
		6B8731C42189CA0400CC2651 /* String+Validate.swift in Sources */ = {isa = PBXBuildFile; fileRef = 6B8731C22189CA0400CC2651 /* String+Validate.swift */; };
		6B8731CA2189D86600CC2651 /* Onboard.storyboard in Resources */ = {isa = PBXBuildFile; fileRef = 6B8731C82189D86600CC2651 /* Onboard.storyboard */; };
		6B8731CB2189D86600CC2651 /* Onboard.storyboard in Resources */ = {isa = PBXBuildFile; fileRef = 6B8731C82189D86600CC2651 /* Onboard.storyboard */; };
		6B8731CD2189DA4A00CC2651 /* EnableLocationViewController.swift in Sources */ = {isa = PBXBuildFile; fileRef = 6B8731CC2189DA4A00CC2651 /* EnableLocationViewController.swift */; };
		6B8731CE2189DA4A00CC2651 /* EnableLocationViewController.swift in Sources */ = {isa = PBXBuildFile; fileRef = 6B8731CC2189DA4A00CC2651 /* EnableLocationViewController.swift */; };
		6B8731D02189DB7600CC2651 /* EnableNotificationViewController.swift in Sources */ = {isa = PBXBuildFile; fileRef = 6B8731CF2189DB7600CC2651 /* EnableNotificationViewController.swift */; };
		6B8731D12189DB7600CC2651 /* EnableNotificationViewController.swift in Sources */ = {isa = PBXBuildFile; fileRef = 6B8731CF2189DB7600CC2651 /* EnableNotificationViewController.swift */; };
		6B8731D9218A909400CC2651 /* SideMenu.storyboard in Resources */ = {isa = PBXBuildFile; fileRef = 6B8731D7218A909400CC2651 /* SideMenu.storyboard */; };
		6B8731DA218A909400CC2651 /* SideMenu.storyboard in Resources */ = {isa = PBXBuildFile; fileRef = 6B8731D7218A909400CC2651 /* SideMenu.storyboard */; };
		6B8731DE218A962D00CC2651 /* HowToRide.storyboard in Resources */ = {isa = PBXBuildFile; fileRef = 6B8731DC218A962D00CC2651 /* HowToRide.storyboard */; };
		6B8731DF218A962D00CC2651 /* HowToRide.storyboard in Resources */ = {isa = PBXBuildFile; fileRef = 6B8731DC218A962D00CC2651 /* HowToRide.storyboard */; };
		6B8731E2218A97BF00CC2651 /* History.storyboard in Resources */ = {isa = PBXBuildFile; fileRef = 6B8731E0218A97BF00CC2651 /* History.storyboard */; };
		6B8731E3218A97BF00CC2651 /* History.storyboard in Resources */ = {isa = PBXBuildFile; fileRef = 6B8731E0218A97BF00CC2651 /* History.storyboard */; };
		6B8731E6218A986200CC2651 /* Account.storyboard in Resources */ = {isa = PBXBuildFile; fileRef = 6B8731E4218A986200CC2651 /* Account.storyboard */; };
		6B8731E7218A986200CC2651 /* Account.storyboard in Resources */ = {isa = PBXBuildFile; fileRef = 6B8731E4218A986200CC2651 /* Account.storyboard */; };
		6B8731EC218A98EF00CC2651 /* Help.storyboard in Resources */ = {isa = PBXBuildFile; fileRef = 6B8731E8218A98EE00CC2651 /* Help.storyboard */; };
		6B8731ED218A98EF00CC2651 /* Help.storyboard in Resources */ = {isa = PBXBuildFile; fileRef = 6B8731E8218A98EE00CC2651 /* Help.storyboard */; };
		6B8731EE218A98EF00CC2651 /* Settings.storyboard in Resources */ = {isa = PBXBuildFile; fileRef = 6B8731EA218A98EE00CC2651 /* Settings.storyboard */; };
		6B8731EF218A98EF00CC2651 /* Settings.storyboard in Resources */ = {isa = PBXBuildFile; fileRef = 6B8731EA218A98EE00CC2651 /* Settings.storyboard */; };
		6B8731F5218A9A9000CC2651 /* Unlock.storyboard in Resources */ = {isa = PBXBuildFile; fileRef = 6B8731F3218A9A9000CC2651 /* Unlock.storyboard */; };
		6B8731F6218A9A9000CC2651 /* Unlock.storyboard in Resources */ = {isa = PBXBuildFile; fileRef = 6B8731F3218A9A9000CC2651 /* Unlock.storyboard */; };
		6B8731F8218AA4AF00CC2651 /* AccountViewController.swift in Sources */ = {isa = PBXBuildFile; fileRef = 6B8731F7218AA4AF00CC2651 /* AccountViewController.swift */; };
		6B8731F9218AA4AF00CC2651 /* AccountViewController.swift in Sources */ = {isa = PBXBuildFile; fileRef = 6B8731F7218AA4AF00CC2651 /* AccountViewController.swift */; };
		6B8731FE218AA53100CC2651 /* PaymentMethodTableViewController.swift in Sources */ = {isa = PBXBuildFile; fileRef = 6B8731FD218AA53100CC2651 /* PaymentMethodTableViewController.swift */; };
		6B8731FF218AA53100CC2651 /* PaymentMethodTableViewController.swift in Sources */ = {isa = PBXBuildFile; fileRef = 6B8731FD218AA53100CC2651 /* PaymentMethodTableViewController.swift */; };
		6B873201218AA9F400CC2651 /* UnlockByScanViewController.swift in Sources */ = {isa = PBXBuildFile; fileRef = 6B873200218AA9F400CC2651 /* UnlockByScanViewController.swift */; };
		6B873202218AA9F400CC2651 /* UnlockByScanViewController.swift in Sources */ = {isa = PBXBuildFile; fileRef = 6B873200218AA9F400CC2651 /* UnlockByScanViewController.swift */; };
		6B87320A218ACD6400CC2651 /* SettingsTableViewController.swift in Sources */ = {isa = PBXBuildFile; fileRef = 6B873209218ACD6400CC2651 /* SettingsTableViewController.swift */; };
		6B87320B218ACD6400CC2651 /* SettingsTableViewController.swift in Sources */ = {isa = PBXBuildFile; fileRef = 6B873209218ACD6400CC2651 /* SettingsTableViewController.swift */; };
		6BDE9120218C19DF003F976B /* MapViewController.swift in Sources */ = {isa = PBXBuildFile; fileRef = A0CFE79C21747BF000BA3F6D /* MapViewController.swift */; };
		6BDE9121218C19DF003F976B /* Assets.swift in Sources */ = {isa = PBXBuildFile; fileRef = 6B8731AF2189BA8D00CC2651 /* Assets.swift */; };
		6BDE9122218C19DF003F976B /* String+Validate.swift in Sources */ = {isa = PBXBuildFile; fileRef = 6B8731C22189CA0400CC2651 /* String+Validate.swift */; };
		6BDE9123218C19DF003F976B /* UserDefaults.swift in Sources */ = {isa = PBXBuildFile; fileRef = 6B8731A62189A70600CC2651 /* UserDefaults.swift */; };
		6BDE9124218C19DF003F976B /* SideMenuViewController.swift in Sources */ = {isa = PBXBuildFile; fileRef = A0CFE7BB21773C0200BA3F6D /* SideMenuViewController.swift */; };
		6BDE9125218C19DF003F976B /* AppDelegate.swift in Sources */ = {isa = PBXBuildFile; fileRef = A0CFE79A21747BF000BA3F6D /* AppDelegate.swift */; };
		6BDE9126218C19DF003F976B /* SignInViewController.swift in Sources */ = {isa = PBXBuildFile; fileRef = 6B8731BF2189C7FA00CC2651 /* SignInViewController.swift */; };
		6BDE9127218C19DF003F976B /* Strings.swift in Sources */ = {isa = PBXBuildFile; fileRef = 6B8731AE2189BA8D00CC2651 /* Strings.swift */; };
		6BDE9128218C19DF003F976B /* SettingsTableViewController.swift in Sources */ = {isa = PBXBuildFile; fileRef = 6B873209218ACD6400CC2651 /* SettingsTableViewController.swift */; };
		6BDE9129218C19DF003F976B /* EnableLocationViewController.swift in Sources */ = {isa = PBXBuildFile; fileRef = 6B8731CC2189DA4A00CC2651 /* EnableLocationViewController.swift */; };
		6BDE912A218C19DF003F976B /* AccountViewController.swift in Sources */ = {isa = PBXBuildFile; fileRef = 6B8731F7218AA4AF00CC2651 /* AccountViewController.swift */; };
		6BDE912C218C19DF003F976B /* StoryboardSegues.swift in Sources */ = {isa = PBXBuildFile; fileRef = 6B8731B42189BAC400CC2651 /* StoryboardSegues.swift */; };
		6BDE912D218C19DF003F976B /* UnlockByScanViewController.swift in Sources */ = {isa = PBXBuildFile; fileRef = 6B873200218AA9F400CC2651 /* UnlockByScanViewController.swift */; };
		6BDE912E218C19DF003F976B /* Constants.swift in Sources */ = {isa = PBXBuildFile; fileRef = 6B8731A2218997B600CC2651 /* Constants.swift */; };
		6BDE912F218C19DF003F976B /* PaymentMethodTableViewController.swift in Sources */ = {isa = PBXBuildFile; fileRef = 6B8731FD218AA53100CC2651 /* PaymentMethodTableViewController.swift */; };
		6BDE9130218C19DF003F976B /* EnableNotificationViewController.swift in Sources */ = {isa = PBXBuildFile; fileRef = 6B8731CF2189DB7600CC2651 /* EnableNotificationViewController.swift */; };
		6BDE9132218C19DF003F976B /* Pods_Project_OTGRider_staging.framework in Frameworks */ = {isa = PBXBuildFile; fileRef = E0DA4D11423EE5032D0FBB72 /* Pods_Project_OTGRider_staging.framework */; };
		6BDE9134218C19DF003F976B /* HowToRide.storyboard in Resources */ = {isa = PBXBuildFile; fileRef = 6B8731DC218A962D00CC2651 /* HowToRide.storyboard */; };
		6BDE9135218C19DF003F976B /* Account.storyboard in Resources */ = {isa = PBXBuildFile; fileRef = 6B8731E4218A986200CC2651 /* Account.storyboard */; };
		6BDE9136218C19DF003F976B /* LaunchScreen.storyboard in Resources */ = {isa = PBXBuildFile; fileRef = A0CFE7A321747BF500BA3F6D /* LaunchScreen.storyboard */; };
		6BDE9137218C19DF003F976B /* Settings.storyboard in Resources */ = {isa = PBXBuildFile; fileRef = 6B8731EA218A98EE00CC2651 /* Settings.storyboard */; };
		6BDE9138218C19DF003F976B /* Help.storyboard in Resources */ = {isa = PBXBuildFile; fileRef = 6B8731E8218A98EE00CC2651 /* Help.storyboard */; };
		6BDE9139218C19DF003F976B /* SignIn.storyboard in Resources */ = {isa = PBXBuildFile; fileRef = 6B8731BB2189C2B900CC2651 /* SignIn.storyboard */; };
		6BDE913A218C19DF003F976B /* Localizable.strings in Resources */ = {isa = PBXBuildFile; fileRef = 6B8731A92189B9A500CC2651 /* Localizable.strings */; };
		6BDE913B218C19DF003F976B /* Assets.xcassets in Resources */ = {isa = PBXBuildFile; fileRef = A0CFE7A121747BF500BA3F6D /* Assets.xcassets */; };
		6BDE913C218C19DF003F976B /* Onboard.storyboard in Resources */ = {isa = PBXBuildFile; fileRef = 6B8731C82189D86600CC2651 /* Onboard.storyboard */; };
		6BDE913D218C19DF003F976B /* Unlock.storyboard in Resources */ = {isa = PBXBuildFile; fileRef = 6B8731F3218A9A9000CC2651 /* Unlock.storyboard */; };
		6BDE913E218C19DF003F976B /* Main.storyboard in Resources */ = {isa = PBXBuildFile; fileRef = A0CFE79E21747BF000BA3F6D /* Main.storyboard */; };
		6BDE913F218C19DF003F976B /* SideMenu.storyboard in Resources */ = {isa = PBXBuildFile; fileRef = 6B8731D7218A909400CC2651 /* SideMenu.storyboard */; };
		6BDE9140218C19DF003F976B /* History.storyboard in Resources */ = {isa = PBXBuildFile; fileRef = 6B8731E0218A97BF00CC2651 /* History.storyboard */; };
		6BDE914C218C1DBB003F976B /* Configuration.swift in Sources */ = {isa = PBXBuildFile; fileRef = 6BDE914B218C1DBB003F976B /* Configuration.swift */; };
		6BDE914D218C1DBB003F976B /* Configuration.swift in Sources */ = {isa = PBXBuildFile; fileRef = 6BDE914B218C1DBB003F976B /* Configuration.swift */; };
		6BDE914E218C1DBB003F976B /* Configuration.swift in Sources */ = {isa = PBXBuildFile; fileRef = 6BDE914B218C1DBB003F976B /* Configuration.swift */; };
		6BDE9151218C3073003F976B /* APIClient.swift in Sources */ = {isa = PBXBuildFile; fileRef = 6BDE9150218C3073003F976B /* APIClient.swift */; };
		6BDE9152218C3073003F976B /* APIClient.swift in Sources */ = {isa = PBXBuildFile; fileRef = 6BDE9150218C3073003F976B /* APIClient.swift */; };
		6BDE9153218C3073003F976B /* APIClient.swift in Sources */ = {isa = PBXBuildFile; fileRef = 6BDE9150218C3073003F976B /* APIClient.swift */; };
		6BDE9157218C35B7003F976B /* GoogleService-Info.plist in Resources */ = {isa = PBXBuildFile; fileRef = 6BDE9156218C35B7003F976B /* GoogleService-Info.plist */; };
		6BDE915A218C4E62003F976B /* GoogleService-Info.plist in Resources */ = {isa = PBXBuildFile; fileRef = 6BDE9159218C4E62003F976B /* GoogleService-Info.plist */; };
		6BDE915D218C79C1003F976B /* ServiceError.swift in Sources */ = {isa = PBXBuildFile; fileRef = 6BDE915C218C79C1003F976B /* ServiceError.swift */; };
		6BDE915E218C79C1003F976B /* ServiceError.swift in Sources */ = {isa = PBXBuildFile; fileRef = 6BDE915C218C79C1003F976B /* ServiceError.swift */; };
		6BDE915F218C79C1003F976B /* ServiceError.swift in Sources */ = {isa = PBXBuildFile; fileRef = 6BDE915C218C79C1003F976B /* ServiceError.swift */; };
		6BDE9161218C833E003F976B /* Aliases.swift in Sources */ = {isa = PBXBuildFile; fileRef = 6BDE9160218C833E003F976B /* Aliases.swift */; };
		6BDE9162218C833E003F976B /* Aliases.swift in Sources */ = {isa = PBXBuildFile; fileRef = 6BDE9160218C833E003F976B /* Aliases.swift */; };
		6BDE9163218C833E003F976B /* Aliases.swift in Sources */ = {isa = PBXBuildFile; fileRef = 6BDE9160218C833E003F976B /* Aliases.swift */; };
		6BDE9165218C8FBB003F976B /* UserService.swift in Sources */ = {isa = PBXBuildFile; fileRef = 6BDE9164218C8FBB003F976B /* UserService.swift */; };
		6BDE9166218C8FBB003F976B /* UserService.swift in Sources */ = {isa = PBXBuildFile; fileRef = 6BDE9164218C8FBB003F976B /* UserService.swift */; };
		6BDE9167218C8FBB003F976B /* UserService.swift in Sources */ = {isa = PBXBuildFile; fileRef = 6BDE9164218C8FBB003F976B /* UserService.swift */; };
		6BDE9169218CFA4A003F976B /* VerifyCodeViewController.swift in Sources */ = {isa = PBXBuildFile; fileRef = 6BDE9168218CFA4A003F976B /* VerifyCodeViewController.swift */; };
		6BDE916A218CFA4A003F976B /* VerifyCodeViewController.swift in Sources */ = {isa = PBXBuildFile; fileRef = 6BDE9168218CFA4A003F976B /* VerifyCodeViewController.swift */; };
		6BDE916B218CFA4A003F976B /* VerifyCodeViewController.swift in Sources */ = {isa = PBXBuildFile; fileRef = 6BDE9168218CFA4A003F976B /* VerifyCodeViewController.swift */; };
		6BDE916D218CFBF9003F976B /* UIViewControoler+Popup.swift in Sources */ = {isa = PBXBuildFile; fileRef = 6BDE916C218CFBF9003F976B /* UIViewControoler+Popup.swift */; };
		6BDE916E218CFBF9003F976B /* UIViewControoler+Popup.swift in Sources */ = {isa = PBXBuildFile; fileRef = 6BDE916C218CFBF9003F976B /* UIViewControoler+Popup.swift */; };
		6BDE916F218CFBF9003F976B /* UIViewControoler+Popup.swift in Sources */ = {isa = PBXBuildFile; fileRef = 6BDE916C218CFBF9003F976B /* UIViewControoler+Popup.swift */; };
		6BDE9171218D269D003F976B /* UIStoryboardSegueWithCompletion.swift in Sources */ = {isa = PBXBuildFile; fileRef = 6BDE9170218D269D003F976B /* UIStoryboardSegueWithCompletion.swift */; };
		6BDE9172218D269D003F976B /* UIStoryboardSegueWithCompletion.swift in Sources */ = {isa = PBXBuildFile; fileRef = 6BDE9170218D269D003F976B /* UIStoryboardSegueWithCompletion.swift */; };
		6BDE9173218D269D003F976B /* UIStoryboardSegueWithCompletion.swift in Sources */ = {isa = PBXBuildFile; fileRef = 6BDE9170218D269D003F976B /* UIStoryboardSegueWithCompletion.swift */; };
		81E8C84519DD630C24B9B6DC /* Pods_Project_OTGRider.framework in Frameworks */ = {isa = PBXBuildFile; fileRef = D81CF8CCF05B3983496167E9 /* Pods_Project_OTGRider.framework */; };
		A0CFE79B21747BF000BA3F6D /* AppDelegate.swift in Sources */ = {isa = PBXBuildFile; fileRef = A0CFE79A21747BF000BA3F6D /* AppDelegate.swift */; };
		A0CFE79D21747BF000BA3F6D /* MapViewController.swift in Sources */ = {isa = PBXBuildFile; fileRef = A0CFE79C21747BF000BA3F6D /* MapViewController.swift */; };
		A0CFE7A021747BF000BA3F6D /* Main.storyboard in Resources */ = {isa = PBXBuildFile; fileRef = A0CFE79E21747BF000BA3F6D /* Main.storyboard */; };
		A0CFE7A221747BF500BA3F6D /* Assets.xcassets in Resources */ = {isa = PBXBuildFile; fileRef = A0CFE7A121747BF500BA3F6D /* Assets.xcassets */; };
		A0CFE7A521747BF500BA3F6D /* LaunchScreen.storyboard in Resources */ = {isa = PBXBuildFile; fileRef = A0CFE7A321747BF500BA3F6D /* LaunchScreen.storyboard */; };
		A0CFE7AE21747D2B00BA3F6D /* MapViewController.swift in Sources */ = {isa = PBXBuildFile; fileRef = A0CFE79C21747BF000BA3F6D /* MapViewController.swift */; };
		A0CFE7AF21747D2B00BA3F6D /* AppDelegate.swift in Sources */ = {isa = PBXBuildFile; fileRef = A0CFE79A21747BF000BA3F6D /* AppDelegate.swift */; };
		A0CFE7B221747D2B00BA3F6D /* LaunchScreen.storyboard in Resources */ = {isa = PBXBuildFile; fileRef = A0CFE7A321747BF500BA3F6D /* LaunchScreen.storyboard */; };
		A0CFE7B321747D2B00BA3F6D /* Assets.xcassets in Resources */ = {isa = PBXBuildFile; fileRef = A0CFE7A121747BF500BA3F6D /* Assets.xcassets */; };
		A0CFE7B421747D2B00BA3F6D /* Main.storyboard in Resources */ = {isa = PBXBuildFile; fileRef = A0CFE79E21747BF000BA3F6D /* Main.storyboard */; };
		A0CFE7BC21773C0200BA3F6D /* SideMenuViewController.swift in Sources */ = {isa = PBXBuildFile; fileRef = A0CFE7BB21773C0200BA3F6D /* SideMenuViewController.swift */; };
		A0CFE7BD21773C0200BA3F6D /* SideMenuViewController.swift in Sources */ = {isa = PBXBuildFile; fileRef = A0CFE7BB21773C0200BA3F6D /* SideMenuViewController.swift */; };
		F92173AEFB39765B42B5470F /* Pods_Project_OTGRider_staging.framework in Frameworks */ = {isa = PBXBuildFile; fileRef = E0DA4D11423EE5032D0FBB72 /* Pods_Project_OTGRider_staging.framework */; };
/* End PBXBuildFile section */

/* Begin PBXFileReference section */
		1D4706DCFA6C56492D699F48 /* Pods_Project_OTGRider_dev.framework */ = {isa = PBXFileReference; explicitFileType = wrapper.framework; includeInIndex = 0; path = Pods_Project_OTGRider_dev.framework; sourceTree = BUILT_PRODUCTS_DIR; };
		437747352F7B2C3F6BA2A8AF /* Pods-Project-OTGRider-dev.release.xcconfig */ = {isa = PBXFileReference; includeInIndex = 1; lastKnownFileType = text.xcconfig; name = "Pods-Project-OTGRider-dev.release.xcconfig"; path = "Pods/Target Support Files/Pods-Project-OTGRider-dev/Pods-Project-OTGRider-dev.release.xcconfig"; sourceTree = "<group>"; };
		6B214ADF219564CD00553C3D /* EditNameViewController.swift */ = {isa = PBXFileReference; lastKnownFileType = sourcecode.swift; path = EditNameViewController.swift; sourceTree = "<group>"; };
		6B214AE32195701C00553C3D /* EditEmailViewController.swift */ = {isa = PBXFileReference; fileEncoding = 4; lastKnownFileType = sourcecode.swift; path = EditEmailViewController.swift; sourceTree = "<group>"; };
		6B214AE721958ED100553C3D /* EditPhoneViewController.swift */ = {isa = PBXFileReference; lastKnownFileType = sourcecode.swift; path = EditPhoneViewController.swift; sourceTree = "<group>"; };
		6B214AEB2195B66300553C3D /* Double+Currency.swift */ = {isa = PBXFileReference; lastKnownFileType = sourcecode.swift; path = "Double+Currency.swift"; sourceTree = "<group>"; };
		6B444FE62191AC2E00DFB787 /* EmailAuthViewController.swift */ = {isa = PBXFileReference; fileEncoding = 4; lastKnownFileType = sourcecode.swift; path = EmailAuthViewController.swift; sourceTree = "<group>"; };
		6B849D4321941EB300CD9791 /* AuthService.swift */ = {isa = PBXFileReference; fileEncoding = 4; lastKnownFileType = sourcecode.swift; path = AuthService.swift; sourceTree = "<group>"; };
		6B849D4421941EB300CD9791 /* PhoneService.swift */ = {isa = PBXFileReference; fileEncoding = 4; lastKnownFileType = sourcecode.swift; path = PhoneService.swift; sourceTree = "<group>"; };
		6B87319E2189643800CC2651 /* Staging-Info.plist */ = {isa = PBXFileReference; fileEncoding = 4; lastKnownFileType = text.plist.xml; path = "Staging-Info.plist"; sourceTree = "<group>"; };
		6B8731A0218968E000CC2651 /* Melbourne.gpx */ = {isa = PBXFileReference; lastKnownFileType = text.xml; path = Melbourne.gpx; sourceTree = "<group>"; };
		6B8731A2218997B600CC2651 /* Constants.swift */ = {isa = PBXFileReference; lastKnownFileType = sourcecode.swift; path = Constants.swift; sourceTree = "<group>"; };
		6B8731A62189A70600CC2651 /* UserDefaults.swift */ = {isa = PBXFileReference; lastKnownFileType = sourcecode.swift; path = UserDefaults.swift; sourceTree = "<group>"; };
		6B8731AA2189B9A500CC2651 /* Base */ = {isa = PBXFileReference; lastKnownFileType = text.plist.strings; name = Base; path = Base.lproj/Localizable.strings; sourceTree = "<group>"; };
		6B8731AE2189BA8D00CC2651 /* Strings.swift */ = {isa = PBXFileReference; fileEncoding = 4; lastKnownFileType = sourcecode.swift; path = Strings.swift; sourceTree = "<group>"; };
		6B8731AF2189BA8D00CC2651 /* Assets.swift */ = {isa = PBXFileReference; fileEncoding = 4; lastKnownFileType = sourcecode.swift; path = Assets.swift; sourceTree = "<group>"; };
		6B8731B42189BAC400CC2651 /* StoryboardSegues.swift */ = {isa = PBXFileReference; fileEncoding = 4; lastKnownFileType = sourcecode.swift; path = StoryboardSegues.swift; sourceTree = "<group>"; };
		6B8731BC2189C2B900CC2651 /* Base */ = {isa = PBXFileReference; lastKnownFileType = file.storyboard; name = Base; path = Base.lproj/SignIn.storyboard; sourceTree = "<group>"; };
		6B8731BF2189C7FA00CC2651 /* SignInViewController.swift */ = {isa = PBXFileReference; lastKnownFileType = sourcecode.swift; path = SignInViewController.swift; sourceTree = "<group>"; };
		6B8731C22189CA0400CC2651 /* String+Validate.swift */ = {isa = PBXFileReference; lastKnownFileType = sourcecode.swift; path = "String+Validate.swift"; sourceTree = "<group>"; };
		6B8731C92189D86600CC2651 /* Base */ = {isa = PBXFileReference; lastKnownFileType = file.storyboard; name = Base; path = Base.lproj/Onboard.storyboard; sourceTree = "<group>"; };
		6B8731CC2189DA4A00CC2651 /* EnableLocationViewController.swift */ = {isa = PBXFileReference; lastKnownFileType = sourcecode.swift; path = EnableLocationViewController.swift; sourceTree = "<group>"; };
		6B8731CF2189DB7600CC2651 /* EnableNotificationViewController.swift */ = {isa = PBXFileReference; lastKnownFileType = sourcecode.swift; path = EnableNotificationViewController.swift; sourceTree = "<group>"; };
		6B8731D5218A816000CC2651 /* OTGRider.entitlements */ = {isa = PBXFileReference; lastKnownFileType = text.plist.entitlements; path = OTGRider.entitlements; sourceTree = "<group>"; };
		6B8731D8218A909400CC2651 /* Base */ = {isa = PBXFileReference; lastKnownFileType = file.storyboard; name = Base; path = Base.lproj/SideMenu.storyboard; sourceTree = "<group>"; };
		6B8731DD218A962D00CC2651 /* Base */ = {isa = PBXFileReference; lastKnownFileType = file.storyboard; name = Base; path = Base.lproj/HowToRide.storyboard; sourceTree = "<group>"; };
		6B8731E1218A97BF00CC2651 /* Base */ = {isa = PBXFileReference; lastKnownFileType = file.storyboard; name = Base; path = Base.lproj/History.storyboard; sourceTree = "<group>"; };
		6B8731E5218A986200CC2651 /* Base */ = {isa = PBXFileReference; lastKnownFileType = file.storyboard; name = Base; path = Base.lproj/Account.storyboard; sourceTree = "<group>"; };
		6B8731E9218A98EE00CC2651 /* Base */ = {isa = PBXFileReference; lastKnownFileType = file.storyboard; name = Base; path = Base.lproj/Help.storyboard; sourceTree = "<group>"; };
		6B8731EB218A98EE00CC2651 /* Base */ = {isa = PBXFileReference; lastKnownFileType = file.storyboard; name = Base; path = Base.lproj/Settings.storyboard; sourceTree = "<group>"; };
		6B8731F4218A9A9000CC2651 /* Base */ = {isa = PBXFileReference; lastKnownFileType = file.storyboard; name = Base; path = Base.lproj/Unlock.storyboard; sourceTree = "<group>"; };
		6B8731F7218AA4AF00CC2651 /* AccountViewController.swift */ = {isa = PBXFileReference; lastKnownFileType = sourcecode.swift; path = AccountViewController.swift; sourceTree = "<group>"; };
		6B8731FD218AA53100CC2651 /* PaymentMethodTableViewController.swift */ = {isa = PBXFileReference; lastKnownFileType = sourcecode.swift; path = PaymentMethodTableViewController.swift; sourceTree = "<group>"; };
		6B873200218AA9F400CC2651 /* UnlockByScanViewController.swift */ = {isa = PBXFileReference; lastKnownFileType = sourcecode.swift; path = UnlockByScanViewController.swift; sourceTree = "<group>"; };
		6B873209218ACD6400CC2651 /* SettingsTableViewController.swift */ = {isa = PBXFileReference; lastKnownFileType = sourcecode.swift; path = SettingsTableViewController.swift; sourceTree = "<group>"; };
		6BDE911A218C1983003F976B /* OTGRider-staging.entitlements */ = {isa = PBXFileReference; fileEncoding = 4; lastKnownFileType = text.plist.entitlements; path = "OTGRider-staging.entitlements"; sourceTree = "<group>"; };
		6BDE9146218C19DF003F976B /* OTGRider-dev.app */ = {isa = PBXFileReference; explicitFileType = wrapper.application; includeInIndex = 0; path = "OTGRider-dev.app"; sourceTree = BUILT_PRODUCTS_DIR; };
		6BDE9148218C1A30003F976B /* Dev-Info.plist */ = {isa = PBXFileReference; lastKnownFileType = text.plist.xml; path = "Dev-Info.plist"; sourceTree = "<group>"; };
		6BDE914A218C1A84003F976B /* OTGRider-dev.entitlements */ = {isa = PBXFileReference; lastKnownFileType = text.plist.entitlements; path = "OTGRider-dev.entitlements"; sourceTree = "<group>"; };
		6BDE914B218C1DBB003F976B /* Configuration.swift */ = {isa = PBXFileReference; lastKnownFileType = sourcecode.swift; path = Configuration.swift; sourceTree = "<group>"; };
		6BDE9150218C3073003F976B /* APIClient.swift */ = {isa = PBXFileReference; lastKnownFileType = sourcecode.swift; path = APIClient.swift; sourceTree = "<group>"; };
		6BDE9156218C35B7003F976B /* GoogleService-Info.plist */ = {isa = PBXFileReference; fileEncoding = 4; lastKnownFileType = text.plist.xml; path = "GoogleService-Info.plist"; sourceTree = "<group>"; };
		6BDE9159218C4E62003F976B /* GoogleService-Info.plist */ = {isa = PBXFileReference; fileEncoding = 4; lastKnownFileType = text.plist.xml; name = "GoogleService-Info.plist"; path = "staging/GoogleService-Info.plist"; sourceTree = "<group>"; };
		6BDE915C218C79C1003F976B /* ServiceError.swift */ = {isa = PBXFileReference; lastKnownFileType = sourcecode.swift; path = ServiceError.swift; sourceTree = "<group>"; };
		6BDE9160218C833E003F976B /* Aliases.swift */ = {isa = PBXFileReference; lastKnownFileType = sourcecode.swift; path = Aliases.swift; sourceTree = "<group>"; };
		6BDE9164218C8FBB003F976B /* UserService.swift */ = {isa = PBXFileReference; lastKnownFileType = sourcecode.swift; path = UserService.swift; sourceTree = "<group>"; };
		6BDE9168218CFA4A003F976B /* VerifyCodeViewController.swift */ = {isa = PBXFileReference; fileEncoding = 4; lastKnownFileType = sourcecode.swift; path = VerifyCodeViewController.swift; sourceTree = "<group>"; };
		6BDE916C218CFBF9003F976B /* UIViewControoler+Popup.swift */ = {isa = PBXFileReference; lastKnownFileType = sourcecode.swift; path = "UIViewControoler+Popup.swift"; sourceTree = "<group>"; };
		6BDE9170218D269D003F976B /* UIStoryboardSegueWithCompletion.swift */ = {isa = PBXFileReference; lastKnownFileType = sourcecode.swift; path = UIStoryboardSegueWithCompletion.swift; sourceTree = "<group>"; };
		848109A96BFCE9E8CB0B64EB /* Pods-Project-OTGRider.debug.xcconfig */ = {isa = PBXFileReference; includeInIndex = 1; lastKnownFileType = text.xcconfig; name = "Pods-Project-OTGRider.debug.xcconfig"; path = "Pods/Target Support Files/Pods-Project-OTGRider/Pods-Project-OTGRider.debug.xcconfig"; sourceTree = "<group>"; };
		86B2C7CC09C21C83C016544C /* Pods-Project-OTGRider-dev.debug.xcconfig */ = {isa = PBXFileReference; includeInIndex = 1; lastKnownFileType = text.xcconfig; name = "Pods-Project-OTGRider-dev.debug.xcconfig"; path = "Pods/Target Support Files/Pods-Project-OTGRider-dev/Pods-Project-OTGRider-dev.debug.xcconfig"; sourceTree = "<group>"; };
		A0CFE79721747BF000BA3F6D /* OTGRider.app */ = {isa = PBXFileReference; explicitFileType = wrapper.application; includeInIndex = 0; path = OTGRider.app; sourceTree = BUILT_PRODUCTS_DIR; };
		A0CFE79A21747BF000BA3F6D /* AppDelegate.swift */ = {isa = PBXFileReference; lastKnownFileType = sourcecode.swift; path = AppDelegate.swift; sourceTree = "<group>"; };
		A0CFE79C21747BF000BA3F6D /* MapViewController.swift */ = {isa = PBXFileReference; lastKnownFileType = sourcecode.swift; path = MapViewController.swift; sourceTree = "<group>"; };
		A0CFE79F21747BF000BA3F6D /* Base */ = {isa = PBXFileReference; lastKnownFileType = file.storyboard; name = Base; path = Base.lproj/Main.storyboard; sourceTree = "<group>"; };
		A0CFE7A121747BF500BA3F6D /* Assets.xcassets */ = {isa = PBXFileReference; lastKnownFileType = folder.assetcatalog; path = Assets.xcassets; sourceTree = "<group>"; };
		A0CFE7A421747BF500BA3F6D /* Base */ = {isa = PBXFileReference; lastKnownFileType = file.storyboard; name = Base; path = Base.lproj/LaunchScreen.storyboard; sourceTree = "<group>"; };
		A0CFE7A621747BF500BA3F6D /* Info.plist */ = {isa = PBXFileReference; lastKnownFileType = text.plist.xml; path = Info.plist; sourceTree = "<group>"; };
		A0CFE7B821747D2B00BA3F6D /* OTGRider-staging.app */ = {isa = PBXFileReference; explicitFileType = wrapper.application; includeInIndex = 0; path = "OTGRider-staging.app"; sourceTree = BUILT_PRODUCTS_DIR; };
		A0CFE7BB21773C0200BA3F6D /* SideMenuViewController.swift */ = {isa = PBXFileReference; lastKnownFileType = sourcecode.swift; path = SideMenuViewController.swift; sourceTree = "<group>"; };
		C7D5E790534A2BF2E5A055CA /* Pods-Project-OTGRider.release.xcconfig */ = {isa = PBXFileReference; includeInIndex = 1; lastKnownFileType = text.xcconfig; name = "Pods-Project-OTGRider.release.xcconfig"; path = "Pods/Target Support Files/Pods-Project-OTGRider/Pods-Project-OTGRider.release.xcconfig"; sourceTree = "<group>"; };
		CDB8458ABF4555A18A854D54 /* Pods-Project-OTGRider-staging.release.xcconfig */ = {isa = PBXFileReference; includeInIndex = 1; lastKnownFileType = text.xcconfig; name = "Pods-Project-OTGRider-staging.release.xcconfig"; path = "Pods/Target Support Files/Pods-Project-OTGRider-staging/Pods-Project-OTGRider-staging.release.xcconfig"; sourceTree = "<group>"; };
		D4CD78A99E31FADB2BDC1666 /* Pods-Project-OTGRider-staging.debug.xcconfig */ = {isa = PBXFileReference; includeInIndex = 1; lastKnownFileType = text.xcconfig; name = "Pods-Project-OTGRider-staging.debug.xcconfig"; path = "Pods/Target Support Files/Pods-Project-OTGRider-staging/Pods-Project-OTGRider-staging.debug.xcconfig"; sourceTree = "<group>"; };
		D81CF8CCF05B3983496167E9 /* Pods_Project_OTGRider.framework */ = {isa = PBXFileReference; explicitFileType = wrapper.framework; includeInIndex = 0; path = Pods_Project_OTGRider.framework; sourceTree = BUILT_PRODUCTS_DIR; };
		E0DA4D11423EE5032D0FBB72 /* Pods_Project_OTGRider_staging.framework */ = {isa = PBXFileReference; explicitFileType = wrapper.framework; includeInIndex = 0; path = Pods_Project_OTGRider_staging.framework; sourceTree = BUILT_PRODUCTS_DIR; };
/* End PBXFileReference section */

/* Begin PBXFrameworksBuildPhase section */
		6BDE9131218C19DF003F976B /* Frameworks */ = {
			isa = PBXFrameworksBuildPhase;
			buildActionMask = 2147483647;
			files = (
				6BDE9132218C19DF003F976B /* Pods_Project_OTGRider_staging.framework in Frameworks */,
				470D7A8D9BA5E54FE9E79E82 /* Pods_Project_OTGRider_dev.framework in Frameworks */,
			);
			runOnlyForDeploymentPostprocessing = 0;
		};
		A0CFE79421747BF000BA3F6D /* Frameworks */ = {
			isa = PBXFrameworksBuildPhase;
			buildActionMask = 2147483647;
			files = (
				81E8C84519DD630C24B9B6DC /* Pods_Project_OTGRider.framework in Frameworks */,
			);
			runOnlyForDeploymentPostprocessing = 0;
		};
		A0CFE7B021747D2B00BA3F6D /* Frameworks */ = {
			isa = PBXFrameworksBuildPhase;
			buildActionMask = 2147483647;
			files = (
				F92173AEFB39765B42B5470F /* Pods_Project_OTGRider_staging.framework in Frameworks */,
			);
			runOnlyForDeploymentPostprocessing = 0;
		};
/* End PBXFrameworksBuildPhase section */

/* Begin PBXGroup section */
		43F92B2007DBC13F8C59318F /* Pods */ = {
			isa = PBXGroup;
			children = (
				848109A96BFCE9E8CB0B64EB /* Pods-Project-OTGRider.debug.xcconfig */,
				C7D5E790534A2BF2E5A055CA /* Pods-Project-OTGRider.release.xcconfig */,
				D4CD78A99E31FADB2BDC1666 /* Pods-Project-OTGRider-staging.debug.xcconfig */,
				CDB8458ABF4555A18A854D54 /* Pods-Project-OTGRider-staging.release.xcconfig */,
				86B2C7CC09C21C83C016544C /* Pods-Project-OTGRider-dev.debug.xcconfig */,
				437747352F7B2C3F6BA2A8AF /* Pods-Project-OTGRider-dev.release.xcconfig */,
			);
			name = Pods;
			sourceTree = "<group>";
		};
		6B8731A1218997A000CC2651 /* Helpers */ = {
			isa = PBXGroup;
			children = (
				6B8731A2218997B600CC2651 /* Constants.swift */,
				6BDE914B218C1DBB003F976B /* Configuration.swift */,
				6B8731C22189CA0400CC2651 /* String+Validate.swift */,
				6BDE9160218C833E003F976B /* Aliases.swift */,
				6BDE916C218CFBF9003F976B /* UIViewControoler+Popup.swift */,
				6BDE9170218D269D003F976B /* UIStoryboardSegueWithCompletion.swift */,
				6B214AEB2195B66300553C3D /* Double+Currency.swift */,
			);
			path = Helpers;
			sourceTree = "<group>";
		};
		6B8731AD2189BA6B00CC2651 /* Generated */ = {
			isa = PBXGroup;
			children = (
				6B8731AF2189BA8D00CC2651 /* Assets.swift */,
				6B8731AE2189BA8D00CC2651 /* Strings.swift */,
				6B8731B42189BAC400CC2651 /* StoryboardSegues.swift */,
			);
			path = Generated;
			sourceTree = "<group>";
		};
		6B8731DB218A957400CC2651 /* Views */ = {
			isa = PBXGroup;
			children = (
				A0CFE7A321747BF500BA3F6D /* LaunchScreen.storyboard */,
				6B8731BB2189C2B900CC2651 /* SignIn.storyboard */,
				6B8731C82189D86600CC2651 /* Onboard.storyboard */,
				A0CFE79E21747BF000BA3F6D /* Main.storyboard */,
				6B8731DC218A962D00CC2651 /* HowToRide.storyboard */,
				6B8731D7218A909400CC2651 /* SideMenu.storyboard */,
				6B8731E0218A97BF00CC2651 /* History.storyboard */,
				6B8731E4218A986200CC2651 /* Account.storyboard */,
				6B8731EA218A98EE00CC2651 /* Settings.storyboard */,
				6B8731E8218A98EE00CC2651 /* Help.storyboard */,
				6B8731F3218A9A9000CC2651 /* Unlock.storyboard */,
			);
			path = Views;
			sourceTree = "<group>";
		};
		6BDE914F218C3055003F976B /* API */ = {
			isa = PBXGroup;
			children = (
				6BDE9150218C3073003F976B /* APIClient.swift */,
				6BDE915C218C79C1003F976B /* ServiceError.swift */,
				6BDE9164218C8FBB003F976B /* UserService.swift */,
				6B849D4321941EB300CD9791 /* AuthService.swift */,
				6B849D4421941EB300CD9791 /* PhoneService.swift */,
			);
			path = API;
			sourceTree = "<group>";
		};
		A0CFE78E21747BF000BA3F6D = {
			isa = PBXGroup;
			children = (
				A0CFE79921747BF000BA3F6D /* OTGRider */,
				A0CFE79821747BF000BA3F6D /* Products */,
				43F92B2007DBC13F8C59318F /* Pods */,
				F39279E41308C0B2F4A73AC0 /* Frameworks */,
			);
			sourceTree = "<group>";
		};
		A0CFE79821747BF000BA3F6D /* Products */ = {
			isa = PBXGroup;
			children = (
				A0CFE79721747BF000BA3F6D /* OTGRider.app */,
				A0CFE7B821747D2B00BA3F6D /* OTGRider-staging.app */,
				6BDE9146218C19DF003F976B /* OTGRider-dev.app */,
			);
			name = Products;
			sourceTree = "<group>";
		};
		A0CFE79921747BF000BA3F6D /* OTGRider */ = {
			isa = PBXGroup;
			children = (
				A0CFE79A21747BF000BA3F6D /* AppDelegate.swift */,
				6B8731A62189A70600CC2651 /* UserDefaults.swift */,
				6B8731DB218A957400CC2651 /* Views */,
				A0CFE7BA21773B7B00BA3F6D /* Controller */,
				6BDE914F218C3055003F976B /* API */,
				6B8731A1218997A000CC2651 /* Helpers */,
				6B8731AD2189BA6B00CC2651 /* Generated */,
				A0CFE7A121747BF500BA3F6D /* Assets.xcassets */,
				6B8731A92189B9A500CC2651 /* Localizable.strings */,
				A0CFE7A621747BF500BA3F6D /* Info.plist */,
				6B87319E2189643800CC2651 /* Staging-Info.plist */,
				6BDE9148218C1A30003F976B /* Dev-Info.plist */,
				6B8731A0218968E000CC2651 /* Melbourne.gpx */,
				6B8731D5218A816000CC2651 /* OTGRider.entitlements */,
				6BDE911A218C1983003F976B /* OTGRider-staging.entitlements */,
				6BDE914A218C1A84003F976B /* OTGRider-dev.entitlements */,
				6BDE9159218C4E62003F976B /* GoogleService-Info.plist */,
				6BDE9156218C35B7003F976B /* GoogleService-Info.plist */,
			);
			path = OTGRider;
			sourceTree = "<group>";
		};
		A0CFE7BA21773B7B00BA3F6D /* Controller */ = {
			isa = PBXGroup;
			children = (
				A0CFE79C21747BF000BA3F6D /* MapViewController.swift */,
				6B873200218AA9F400CC2651 /* UnlockByScanViewController.swift */,
				A0CFE7BB21773C0200BA3F6D /* SideMenuViewController.swift */,
				6B8731F7218AA4AF00CC2651 /* AccountViewController.swift */,
				6B8731FD218AA53100CC2651 /* PaymentMethodTableViewController.swift */,
				6B8731BF2189C7FA00CC2651 /* SignInViewController.swift */,
				6BDE9168218CFA4A003F976B /* VerifyCodeViewController.swift */,
				6B444FE62191AC2E00DFB787 /* EmailAuthViewController.swift */,
				6B8731CC2189DA4A00CC2651 /* EnableLocationViewController.swift */,
				6B8731CF2189DB7600CC2651 /* EnableNotificationViewController.swift */,
				6B873209218ACD6400CC2651 /* SettingsTableViewController.swift */,
				6B214ADF219564CD00553C3D /* EditNameViewController.swift */,
				6B214AE32195701C00553C3D /* EditEmailViewController.swift */,
				6B214AE721958ED100553C3D /* EditPhoneViewController.swift */,
			);
			path = Controller;
			sourceTree = "<group>";
		};
		F39279E41308C0B2F4A73AC0 /* Frameworks */ = {
			isa = PBXGroup;
			children = (
				D81CF8CCF05B3983496167E9 /* Pods_Project_OTGRider.framework */,
				E0DA4D11423EE5032D0FBB72 /* Pods_Project_OTGRider_staging.framework */,
				1D4706DCFA6C56492D699F48 /* Pods_Project_OTGRider_dev.framework */,
			);
			name = Frameworks;
			sourceTree = "<group>";
		};
/* End PBXGroup section */

/* Begin PBXNativeTarget section */
		6BDE911B218C19DF003F976B /* OTGRider-dev */ = {
			isa = PBXNativeTarget;
			buildConfigurationList = 6BDE9143218C19DF003F976B /* Build configuration list for PBXNativeTarget "OTGRider-dev" */;
			buildPhases = (
				6BDE911C218C19DF003F976B /* [CP] Check Pods Manifest.lock */,
				6BDE911D218C19DF003F976B /* Run Script - bartycrouch */,
				6BDE911E218C19DF003F976B /* Run Script - swiftgen */,
				6BDE911F218C19DF003F976B /* Sources */,
				6BDE9131218C19DF003F976B /* Frameworks */,
				6BDE9133218C19DF003F976B /* Resources */,
				6BDE9141218C19DF003F976B /* [CP] Embed Pods Frameworks */,
				6BDE9142218C19DF003F976B /* [CP] Copy Pods Resources */,
			);
			buildRules = (
			);
			dependencies = (
			);
			name = "OTGRider-dev";
			productName = OTGRider;
			productReference = 6BDE9146218C19DF003F976B /* OTGRider-dev.app */;
			productType = "com.apple.product-type.application";
		};
		A0CFE79621747BF000BA3F6D /* OTGRider */ = {
			isa = PBXNativeTarget;
			buildConfigurationList = A0CFE7A921747BF500BA3F6D /* Build configuration list for PBXNativeTarget "OTGRider" */;
			buildPhases = (
				707BD31321A77514E1E6DFB4 /* [CP] Check Pods Manifest.lock */,
				6B8731D3218A418900CC2651 /* Run Script - bartycrouch */,
				6B8731D4218A41A800CC2651 /* Run Script - swiftgen */,
				A0CFE79321747BF000BA3F6D /* Sources */,
				A0CFE79421747BF000BA3F6D /* Frameworks */,
				A0CFE79521747BF000BA3F6D /* Resources */,
				63D5FC4FF668E2EF6A31964F /* [CP] Embed Pods Frameworks */,
				4DA355E8F60E063C489CBA53 /* [CP] Copy Pods Resources */,
				6BDE9158218C36D9003F976B /* Run Script - fabric */,
			);
			buildRules = (
			);
			dependencies = (
			);
			name = OTGRider;
			productName = OTGRider;
			productReference = A0CFE79721747BF000BA3F6D /* OTGRider.app */;
			productType = "com.apple.product-type.application";
		};
		A0CFE7AC21747D2B00BA3F6D /* OTGRider-staging */ = {
			isa = PBXNativeTarget;
			buildConfigurationList = A0CFE7B521747D2B00BA3F6D /* Build configuration list for PBXNativeTarget "OTGRider-staging" */;
			buildPhases = (
				E43CD957A6499CF142FF20F8 /* [CP] Check Pods Manifest.lock */,
				6B8731D2218A3EE300CC2651 /* Run Script - bartycrouch */,
				6B8731BA2189BB2500CC2651 /* Run Script - swiftgen */,
				A0CFE7AD21747D2B00BA3F6D /* Sources */,
				A0CFE7B021747D2B00BA3F6D /* Frameworks */,
				A0CFE7B121747D2B00BA3F6D /* Resources */,
				60FE65C59D3BA395F0FCE61E /* [CP] Embed Pods Frameworks */,
				CAD76B0E74731C1E07EFC9FB /* [CP] Copy Pods Resources */,
				6BDE915B218C4E91003F976B /* Run Script - fabric */,
			);
			buildRules = (
			);
			dependencies = (
			);
			name = "OTGRider-staging";
			productName = OTGRider;
			productReference = A0CFE7B821747D2B00BA3F6D /* OTGRider-staging.app */;
			productType = "com.apple.product-type.application";
		};
/* End PBXNativeTarget section */

/* Begin PBXProject section */
		A0CFE78F21747BF000BA3F6D /* Project object */ = {
			isa = PBXProject;
			attributes = {
				LastSwiftUpdateCheck = 1000;
				LastUpgradeCheck = 1000;
				ORGANIZATIONNAME = OTGRide;
				TargetAttributes = {
					6BDE911B218C19DF003F976B = {
						SystemCapabilities = {
							com.apple.Keychain = {
								enabled = 1;
							};
						};
					};
					A0CFE79621747BF000BA3F6D = {
						CreatedOnToolsVersion = 10.0;
						SystemCapabilities = {
							com.apple.Keychain = {
								enabled = 1;
							};
							com.apple.Push = {
								enabled = 1;
							};
						};
					};
					A0CFE7AC21747D2B00BA3F6D = {
						SystemCapabilities = {
							com.apple.Keychain = {
								enabled = 1;
							};
							com.apple.Push = {
								enabled = 1;
							};
						};
					};
				};
			};
			buildConfigurationList = A0CFE79221747BF000BA3F6D /* Build configuration list for PBXProject "OTGRider" */;
			compatibilityVersion = "Xcode 9.3";
			developmentRegion = en;
			hasScannedForEncodings = 0;
			knownRegions = (
				en,
				Base,
			);
			mainGroup = A0CFE78E21747BF000BA3F6D;
			productRefGroup = A0CFE79821747BF000BA3F6D /* Products */;
			projectDirPath = "";
			projectRoot = "";
			targets = (
				A0CFE79621747BF000BA3F6D /* OTGRider */,
				A0CFE7AC21747D2B00BA3F6D /* OTGRider-staging */,
				6BDE911B218C19DF003F976B /* OTGRider-dev */,
			);
		};
/* End PBXProject section */

/* Begin PBXResourcesBuildPhase section */
		6BDE9133218C19DF003F976B /* Resources */ = {
			isa = PBXResourcesBuildPhase;
			buildActionMask = 2147483647;
			files = (
				6BDE9134218C19DF003F976B /* HowToRide.storyboard in Resources */,
				6BDE9135218C19DF003F976B /* Account.storyboard in Resources */,
				6BDE9136218C19DF003F976B /* LaunchScreen.storyboard in Resources */,
				6BDE9137218C19DF003F976B /* Settings.storyboard in Resources */,
				6BDE9138218C19DF003F976B /* Help.storyboard in Resources */,
				6BDE9139218C19DF003F976B /* SignIn.storyboard in Resources */,
				6BDE913A218C19DF003F976B /* Localizable.strings in Resources */,
				6BDE913B218C19DF003F976B /* Assets.xcassets in Resources */,
				6BDE913C218C19DF003F976B /* Onboard.storyboard in Resources */,
				6BDE913D218C19DF003F976B /* Unlock.storyboard in Resources */,
				6BDE913E218C19DF003F976B /* Main.storyboard in Resources */,
				6BDE913F218C19DF003F976B /* SideMenu.storyboard in Resources */,
				6BDE9140218C19DF003F976B /* History.storyboard in Resources */,
			);
			runOnlyForDeploymentPostprocessing = 0;
		};
		A0CFE79521747BF000BA3F6D /* Resources */ = {
			isa = PBXResourcesBuildPhase;
			buildActionMask = 2147483647;
			files = (
				6B8731DE218A962D00CC2651 /* HowToRide.storyboard in Resources */,
				6B8731E6218A986200CC2651 /* Account.storyboard in Resources */,
				A0CFE7A521747BF500BA3F6D /* LaunchScreen.storyboard in Resources */,
				6B8731EE218A98EF00CC2651 /* Settings.storyboard in Resources */,
				6B8731EC218A98EF00CC2651 /* Help.storyboard in Resources */,
				6B8731BD2189C2B900CC2651 /* SignIn.storyboard in Resources */,
				6B8731AB2189B9A500CC2651 /* Localizable.strings in Resources */,
				A0CFE7A221747BF500BA3F6D /* Assets.xcassets in Resources */,
				6B8731CA2189D86600CC2651 /* Onboard.storyboard in Resources */,
				6B8731F5218A9A9000CC2651 /* Unlock.storyboard in Resources */,
				A0CFE7A021747BF000BA3F6D /* Main.storyboard in Resources */,
				6B8731D9218A909400CC2651 /* SideMenu.storyboard in Resources */,
				6B8731E2218A97BF00CC2651 /* History.storyboard in Resources */,
				6BDE9157218C35B7003F976B /* GoogleService-Info.plist in Resources */,
			);
			runOnlyForDeploymentPostprocessing = 0;
		};
		A0CFE7B121747D2B00BA3F6D /* Resources */ = {
			isa = PBXResourcesBuildPhase;
			buildActionMask = 2147483647;
			files = (
				6B8731DF218A962D00CC2651 /* HowToRide.storyboard in Resources */,
				6B8731E7218A986200CC2651 /* Account.storyboard in Resources */,
				A0CFE7B221747D2B00BA3F6D /* LaunchScreen.storyboard in Resources */,
				6B8731EF218A98EF00CC2651 /* Settings.storyboard in Resources */,
				6B8731ED218A98EF00CC2651 /* Help.storyboard in Resources */,
				6B8731BE2189C2B900CC2651 /* SignIn.storyboard in Resources */,
				6B8731AC2189B9A500CC2651 /* Localizable.strings in Resources */,
				A0CFE7B321747D2B00BA3F6D /* Assets.xcassets in Resources */,
				6B8731CB2189D86600CC2651 /* Onboard.storyboard in Resources */,
				6B8731F6218A9A9000CC2651 /* Unlock.storyboard in Resources */,
				A0CFE7B421747D2B00BA3F6D /* Main.storyboard in Resources */,
				6B8731DA218A909400CC2651 /* SideMenu.storyboard in Resources */,
				6B8731E3218A97BF00CC2651 /* History.storyboard in Resources */,
				6BDE915A218C4E62003F976B /* GoogleService-Info.plist in Resources */,
			);
			runOnlyForDeploymentPostprocessing = 0;
		};
/* End PBXResourcesBuildPhase section */

/* Begin PBXShellScriptBuildPhase section */
		4DA355E8F60E063C489CBA53 /* [CP] Copy Pods Resources */ = {
			isa = PBXShellScriptBuildPhase;
			buildActionMask = 2147483647;
			files = (
			);
			inputPaths = (
				"${SRCROOT}/Pods/Target Support Files/Pods-Project-OTGRider/Pods-Project-OTGRider-resources.sh",
				"${PODS_ROOT}/GoogleMaps/Maps/Frameworks/GoogleMaps.framework/Resources/GoogleMaps.bundle",
			);
			name = "[CP] Copy Pods Resources";
			outputPaths = (
				"${TARGET_BUILD_DIR}/${UNLOCALIZED_RESOURCES_FOLDER_PATH}/GoogleMaps.bundle",
			);
			runOnlyForDeploymentPostprocessing = 0;
			shellPath = /bin/sh;
			shellScript = "\"${SRCROOT}/Pods/Target Support Files/Pods-Project-OTGRider/Pods-Project-OTGRider-resources.sh\"\n";
			showEnvVarsInLog = 0;
		};
		60FE65C59D3BA395F0FCE61E /* [CP] Embed Pods Frameworks */ = {
			isa = PBXShellScriptBuildPhase;
			buildActionMask = 2147483647;
			files = (
			);
			inputPaths = (
				"${SRCROOT}/Pods/Target Support Files/Pods-Project-OTGRider-staging/Pods-Project-OTGRider-staging-frameworks.sh",
				"${BUILT_PRODUCTS_DIR}/Bolts/Bolts.framework",
				"${BUILT_PRODUCTS_DIR}/FBSDKCoreKit/FBSDKCoreKit.framework",
				"${BUILT_PRODUCTS_DIR}/FBSDKLoginKit/FBSDKLoginKit.framework",
				"${BUILT_PRODUCTS_DIR}/GTMSessionFetcher/GTMSessionFetcher.framework",
				"${BUILT_PRODUCTS_DIR}/GoogleToolboxForMac/GoogleToolboxForMac.framework",
				"${BUILT_PRODUCTS_DIR}/GoogleUtilities/GoogleUtilities.framework",
				"${BUILT_PRODUCTS_DIR}/ObjcExceptionBridging/ObjcExceptionBridging.framework",
				"${BUILT_PRODUCTS_DIR}/PKHUD/PKHUD.framework",
				"${BUILT_PRODUCTS_DIR}/PhoneNumberKit/PhoneNumberKit.framework",
				"${BUILT_PRODUCTS_DIR}/Protobuf/Protobuf.framework",
				"${BUILT_PRODUCTS_DIR}/ReachabilitySwift/Reachability.framework",
				"${BUILT_PRODUCTS_DIR}/SideMenu/SideMenu.framework",
				"${BUILT_PRODUCTS_DIR}/SwiftyUserDefaults/SwiftyUserDefaults.framework",
				"${BUILT_PRODUCTS_DIR}/XCGLogger/XCGLogger.framework",
				"${BUILT_PRODUCTS_DIR}/nanopb/nanopb.framework",
			);
			name = "[CP] Embed Pods Frameworks";
			outputPaths = (
				"${TARGET_BUILD_DIR}/${FRAMEWORKS_FOLDER_PATH}/Bolts.framework",
				"${TARGET_BUILD_DIR}/${FRAMEWORKS_FOLDER_PATH}/FBSDKCoreKit.framework",
				"${TARGET_BUILD_DIR}/${FRAMEWORKS_FOLDER_PATH}/FBSDKLoginKit.framework",
				"${TARGET_BUILD_DIR}/${FRAMEWORKS_FOLDER_PATH}/GTMSessionFetcher.framework",
				"${TARGET_BUILD_DIR}/${FRAMEWORKS_FOLDER_PATH}/GoogleToolboxForMac.framework",
				"${TARGET_BUILD_DIR}/${FRAMEWORKS_FOLDER_PATH}/GoogleUtilities.framework",
				"${TARGET_BUILD_DIR}/${FRAMEWORKS_FOLDER_PATH}/ObjcExceptionBridging.framework",
				"${TARGET_BUILD_DIR}/${FRAMEWORKS_FOLDER_PATH}/PKHUD.framework",
				"${TARGET_BUILD_DIR}/${FRAMEWORKS_FOLDER_PATH}/PhoneNumberKit.framework",
				"${TARGET_BUILD_DIR}/${FRAMEWORKS_FOLDER_PATH}/Protobuf.framework",
				"${TARGET_BUILD_DIR}/${FRAMEWORKS_FOLDER_PATH}/Reachability.framework",
				"${TARGET_BUILD_DIR}/${FRAMEWORKS_FOLDER_PATH}/SideMenu.framework",
				"${TARGET_BUILD_DIR}/${FRAMEWORKS_FOLDER_PATH}/SwiftyUserDefaults.framework",
				"${TARGET_BUILD_DIR}/${FRAMEWORKS_FOLDER_PATH}/XCGLogger.framework",
				"${TARGET_BUILD_DIR}/${FRAMEWORKS_FOLDER_PATH}/nanopb.framework",
			);
			runOnlyForDeploymentPostprocessing = 0;
			shellPath = /bin/sh;
			shellScript = "\"${SRCROOT}/Pods/Target Support Files/Pods-Project-OTGRider-staging/Pods-Project-OTGRider-staging-frameworks.sh\"\n";
			showEnvVarsInLog = 0;
		};
		63D5FC4FF668E2EF6A31964F /* [CP] Embed Pods Frameworks */ = {
			isa = PBXShellScriptBuildPhase;
			buildActionMask = 2147483647;
			files = (
			);
			inputPaths = (
				"${SRCROOT}/Pods/Target Support Files/Pods-Project-OTGRider/Pods-Project-OTGRider-frameworks.sh",
				"${BUILT_PRODUCTS_DIR}/Bolts/Bolts.framework",
				"${BUILT_PRODUCTS_DIR}/FBSDKCoreKit/FBSDKCoreKit.framework",
				"${BUILT_PRODUCTS_DIR}/FBSDKLoginKit/FBSDKLoginKit.framework",
				"${BUILT_PRODUCTS_DIR}/GTMSessionFetcher/GTMSessionFetcher.framework",
				"${BUILT_PRODUCTS_DIR}/GoogleToolboxForMac/GoogleToolboxForMac.framework",
				"${BUILT_PRODUCTS_DIR}/GoogleUtilities/GoogleUtilities.framework",
				"${BUILT_PRODUCTS_DIR}/ObjcExceptionBridging/ObjcExceptionBridging.framework",
				"${BUILT_PRODUCTS_DIR}/PKHUD/PKHUD.framework",
				"${BUILT_PRODUCTS_DIR}/PhoneNumberKit/PhoneNumberKit.framework",
				"${BUILT_PRODUCTS_DIR}/Protobuf/Protobuf.framework",
				"${BUILT_PRODUCTS_DIR}/ReachabilitySwift/Reachability.framework",
				"${BUILT_PRODUCTS_DIR}/SideMenu/SideMenu.framework",
				"${BUILT_PRODUCTS_DIR}/SwiftyUserDefaults/SwiftyUserDefaults.framework",
				"${BUILT_PRODUCTS_DIR}/XCGLogger/XCGLogger.framework",
				"${BUILT_PRODUCTS_DIR}/nanopb/nanopb.framework",
			);
			name = "[CP] Embed Pods Frameworks";
			outputPaths = (
				"${TARGET_BUILD_DIR}/${FRAMEWORKS_FOLDER_PATH}/Bolts.framework",
				"${TARGET_BUILD_DIR}/${FRAMEWORKS_FOLDER_PATH}/FBSDKCoreKit.framework",
				"${TARGET_BUILD_DIR}/${FRAMEWORKS_FOLDER_PATH}/FBSDKLoginKit.framework",
				"${TARGET_BUILD_DIR}/${FRAMEWORKS_FOLDER_PATH}/GTMSessionFetcher.framework",
				"${TARGET_BUILD_DIR}/${FRAMEWORKS_FOLDER_PATH}/GoogleToolboxForMac.framework",
				"${TARGET_BUILD_DIR}/${FRAMEWORKS_FOLDER_PATH}/GoogleUtilities.framework",
				"${TARGET_BUILD_DIR}/${FRAMEWORKS_FOLDER_PATH}/ObjcExceptionBridging.framework",
				"${TARGET_BUILD_DIR}/${FRAMEWORKS_FOLDER_PATH}/PKHUD.framework",
				"${TARGET_BUILD_DIR}/${FRAMEWORKS_FOLDER_PATH}/PhoneNumberKit.framework",
				"${TARGET_BUILD_DIR}/${FRAMEWORKS_FOLDER_PATH}/Protobuf.framework",
				"${TARGET_BUILD_DIR}/${FRAMEWORKS_FOLDER_PATH}/Reachability.framework",
				"${TARGET_BUILD_DIR}/${FRAMEWORKS_FOLDER_PATH}/SideMenu.framework",
				"${TARGET_BUILD_DIR}/${FRAMEWORKS_FOLDER_PATH}/SwiftyUserDefaults.framework",
				"${TARGET_BUILD_DIR}/${FRAMEWORKS_FOLDER_PATH}/XCGLogger.framework",
				"${TARGET_BUILD_DIR}/${FRAMEWORKS_FOLDER_PATH}/nanopb.framework",
			);
			runOnlyForDeploymentPostprocessing = 0;
			shellPath = /bin/sh;
			shellScript = "\"${SRCROOT}/Pods/Target Support Files/Pods-Project-OTGRider/Pods-Project-OTGRider-frameworks.sh\"\n";
			showEnvVarsInLog = 0;
		};
		6B8731BA2189BB2500CC2651 /* Run Script - swiftgen */ = {
			isa = PBXShellScriptBuildPhase;
			buildActionMask = 2147483647;
			files = (
			);
			inputPaths = (
			);
			name = "Run Script - swiftgen";
			outputPaths = (
			);
			runOnlyForDeploymentPostprocessing = 0;
			shellPath = /bin/sh;
			shellScript = "$PODS_ROOT/SwiftGen/bin/swiftgen\n";
		};
		6B8731D2218A3EE300CC2651 /* Run Script - bartycrouch */ = {
			isa = PBXShellScriptBuildPhase;
			buildActionMask = 2147483647;
			files = (
			);
			inputPaths = (
			);
			name = "Run Script - bartycrouch";
			outputPaths = (
			);
			runOnlyForDeploymentPostprocessing = 0;
			shellPath = /bin/sh;
			shellScript = "# Incrementally update all Storyboards/XIBs strings files\n$PODS_ROOT/bartycrouch/bartycrouch interfaces -p \"$PROJECT_DIR/OTGRider\"\n\n# Add new keys to Localizable.strings files from NSLocalizedString in code\n$PODS_ROOT/bartycrouch/bartycrouch code -p \"$PROJECT_DIR/OTGRider\" -l \"$PROJECT_DIR\" -a\n\n# Normalize your Strings files to keep them nice and clean\n$PODS_ROOT/bartycrouch/bartycrouch normalize -p \"$PROJECT_DIR/OTGRider\" -l en -d -w -h -s\n\n# Lint your Strings files to check if they are nice and clean\n$PODS_ROOT/bartycrouch/bartycrouch lint -p \"$PROJECT_DIR/OTGRider\" -d -e\n";
		};
		6B8731D3218A418900CC2651 /* Run Script - bartycrouch */ = {
			isa = PBXShellScriptBuildPhase;
			buildActionMask = 2147483647;
			files = (
			);
			inputPaths = (
			);
			name = "Run Script - bartycrouch";
			outputPaths = (
			);
			runOnlyForDeploymentPostprocessing = 0;
			shellPath = /bin/sh;
			shellScript = "# Incrementally update all Storyboards/XIBs strings files\n$PODS_ROOT/bartycrouch/bartycrouch interfaces -p \"$PROJECT_DIR/OTGRider\"\n\n# Add new keys to Localizable.strings files from NSLocalizedString in code\n$PODS_ROOT/bartycrouch/bartycrouch code -p \"$PROJECT_DIR/OTGRider\" -l \"$PROJECT_DIR\" -a\n\n# Normalize your Strings files to keep them nice and clean\n$PODS_ROOT/bartycrouch/bartycrouch normalize -p \"$PROJECT_DIR/OTGRider\" -l en -d -w -h -s\n\n# Lint your Strings files to check if they are nice and clean\n$PODS_ROOT/bartycrouch/bartycrouch lint -p \"$PROJECT_DIR/OTGRider\" -d -e\n";
		};
		6B8731D4218A41A800CC2651 /* Run Script - swiftgen */ = {
			isa = PBXShellScriptBuildPhase;
			buildActionMask = 2147483647;
			files = (
			);
			inputPaths = (
			);
			name = "Run Script - swiftgen";
			outputPaths = (
			);
			runOnlyForDeploymentPostprocessing = 0;
			shellPath = /bin/sh;
			shellScript = "$PODS_ROOT/SwiftGen/bin/swiftgen\n";
		};
		6BDE911C218C19DF003F976B /* [CP] Check Pods Manifest.lock */ = {
			isa = PBXShellScriptBuildPhase;
			buildActionMask = 2147483647;
			files = (
			);
			inputPaths = (
				"${PODS_PODFILE_DIR_PATH}/Podfile.lock",
				"${PODS_ROOT}/Manifest.lock",
			);
			name = "[CP] Check Pods Manifest.lock";
			outputPaths = (
				"$(DERIVED_FILE_DIR)/Pods-Project-OTGRider-dev-checkManifestLockResult.txt",
			);
			runOnlyForDeploymentPostprocessing = 0;
			shellPath = /bin/sh;
			shellScript = "diff \"${PODS_PODFILE_DIR_PATH}/Podfile.lock\" \"${PODS_ROOT}/Manifest.lock\" > /dev/null\nif [ $? != 0 ] ; then\n    # print error to STDERR\n    echo \"error: The sandbox is not in sync with the Podfile.lock. Run 'pod install' or update your CocoaPods installation.\" >&2\n    exit 1\nfi\n# This output is used by Xcode 'outputs' to avoid re-running this script phase.\necho \"SUCCESS\" > \"${SCRIPT_OUTPUT_FILE_0}\"\n";
			showEnvVarsInLog = 0;
		};
		6BDE911D218C19DF003F976B /* Run Script - bartycrouch */ = {
			isa = PBXShellScriptBuildPhase;
			buildActionMask = 2147483647;
			files = (
			);
			inputPaths = (
			);
			name = "Run Script - bartycrouch";
			outputPaths = (
			);
			runOnlyForDeploymentPostprocessing = 0;
			shellPath = /bin/sh;
			shellScript = "# Incrementally update all Storyboards/XIBs strings files\n$PODS_ROOT/bartycrouch/bartycrouch interfaces -p \"$PROJECT_DIR/OTGRider\"\n\n# Add new keys to Localizable.strings files from NSLocalizedString in code\n$PODS_ROOT/bartycrouch/bartycrouch code -p \"$PROJECT_DIR/OTGRider\" -l \"$PROJECT_DIR\" -a\n\n# Normalize your Strings files to keep them nice and clean\n$PODS_ROOT/bartycrouch/bartycrouch normalize -p \"$PROJECT_DIR/OTGRider\" -l en -d -w -h -s\n\n# Lint your Strings files to check if they are nice and clean\n$PODS_ROOT/bartycrouch/bartycrouch lint -p \"$PROJECT_DIR/OTGRider\" -d -e\n";
		};
		6BDE911E218C19DF003F976B /* Run Script - swiftgen */ = {
			isa = PBXShellScriptBuildPhase;
			buildActionMask = 2147483647;
			files = (
			);
			inputPaths = (
			);
			name = "Run Script - swiftgen";
			outputPaths = (
			);
			runOnlyForDeploymentPostprocessing = 0;
			shellPath = /bin/sh;
			shellScript = "$PODS_ROOT/SwiftGen/bin/swiftgen\n";
		};
		6BDE9141218C19DF003F976B /* [CP] Embed Pods Frameworks */ = {
			isa = PBXShellScriptBuildPhase;
			buildActionMask = 2147483647;
			files = (
			);
			inputPaths = (
				"${SRCROOT}/Pods/Target Support Files/Pods-Project-OTGRider-dev/Pods-Project-OTGRider-dev-frameworks.sh",
				"${BUILT_PRODUCTS_DIR}/Bolts/Bolts.framework",
				"${BUILT_PRODUCTS_DIR}/FBSDKCoreKit/FBSDKCoreKit.framework",
				"${BUILT_PRODUCTS_DIR}/FBSDKLoginKit/FBSDKLoginKit.framework",
				"${BUILT_PRODUCTS_DIR}/GTMSessionFetcher/GTMSessionFetcher.framework",
				"${BUILT_PRODUCTS_DIR}/GoogleToolboxForMac/GoogleToolboxForMac.framework",
				"${BUILT_PRODUCTS_DIR}/GoogleUtilities/GoogleUtilities.framework",
				"${BUILT_PRODUCTS_DIR}/ObjcExceptionBridging/ObjcExceptionBridging.framework",
				"${BUILT_PRODUCTS_DIR}/PKHUD/PKHUD.framework",
				"${BUILT_PRODUCTS_DIR}/PhoneNumberKit/PhoneNumberKit.framework",
				"${BUILT_PRODUCTS_DIR}/Protobuf/Protobuf.framework",
				"${BUILT_PRODUCTS_DIR}/ReachabilitySwift/Reachability.framework",
				"${BUILT_PRODUCTS_DIR}/SideMenu/SideMenu.framework",
				"${BUILT_PRODUCTS_DIR}/SwiftyUserDefaults/SwiftyUserDefaults.framework",
				"${BUILT_PRODUCTS_DIR}/XCGLogger/XCGLogger.framework",
				"${BUILT_PRODUCTS_DIR}/nanopb/nanopb.framework",
			);
			name = "[CP] Embed Pods Frameworks";
			outputPaths = (
				"${TARGET_BUILD_DIR}/${FRAMEWORKS_FOLDER_PATH}/Bolts.framework",
				"${TARGET_BUILD_DIR}/${FRAMEWORKS_FOLDER_PATH}/FBSDKCoreKit.framework",
				"${TARGET_BUILD_DIR}/${FRAMEWORKS_FOLDER_PATH}/FBSDKLoginKit.framework",
				"${TARGET_BUILD_DIR}/${FRAMEWORKS_FOLDER_PATH}/GTMSessionFetcher.framework",
				"${TARGET_BUILD_DIR}/${FRAMEWORKS_FOLDER_PATH}/GoogleToolboxForMac.framework",
				"${TARGET_BUILD_DIR}/${FRAMEWORKS_FOLDER_PATH}/GoogleUtilities.framework",
				"${TARGET_BUILD_DIR}/${FRAMEWORKS_FOLDER_PATH}/ObjcExceptionBridging.framework",
				"${TARGET_BUILD_DIR}/${FRAMEWORKS_FOLDER_PATH}/PKHUD.framework",
				"${TARGET_BUILD_DIR}/${FRAMEWORKS_FOLDER_PATH}/PhoneNumberKit.framework",
				"${TARGET_BUILD_DIR}/${FRAMEWORKS_FOLDER_PATH}/Protobuf.framework",
				"${TARGET_BUILD_DIR}/${FRAMEWORKS_FOLDER_PATH}/Reachability.framework",
				"${TARGET_BUILD_DIR}/${FRAMEWORKS_FOLDER_PATH}/SideMenu.framework",
				"${TARGET_BUILD_DIR}/${FRAMEWORKS_FOLDER_PATH}/SwiftyUserDefaults.framework",
				"${TARGET_BUILD_DIR}/${FRAMEWORKS_FOLDER_PATH}/XCGLogger.framework",
				"${TARGET_BUILD_DIR}/${FRAMEWORKS_FOLDER_PATH}/nanopb.framework",
			);
			runOnlyForDeploymentPostprocessing = 0;
			shellPath = /bin/sh;
			shellScript = "\"${SRCROOT}/Pods/Target Support Files/Pods-Project-OTGRider-dev/Pods-Project-OTGRider-dev-frameworks.sh\"\n";
			showEnvVarsInLog = 0;
		};
		6BDE9142218C19DF003F976B /* [CP] Copy Pods Resources */ = {
			isa = PBXShellScriptBuildPhase;
			buildActionMask = 2147483647;
			files = (
			);
			inputPaths = (
				"${SRCROOT}/Pods/Target Support Files/Pods-Project-OTGRider-dev/Pods-Project-OTGRider-dev-resources.sh",
				"${PODS_ROOT}/GoogleMaps/Maps/Frameworks/GoogleMaps.framework/Resources/GoogleMaps.bundle",
			);
			name = "[CP] Copy Pods Resources";
			outputPaths = (
				"${TARGET_BUILD_DIR}/${UNLOCALIZED_RESOURCES_FOLDER_PATH}/GoogleMaps.bundle",
			);
			runOnlyForDeploymentPostprocessing = 0;
			shellPath = /bin/sh;
			shellScript = "\"${SRCROOT}/Pods/Target Support Files/Pods-Project-OTGRider-dev/Pods-Project-OTGRider-dev-resources.sh\"\n";
			showEnvVarsInLog = 0;
		};
		6BDE9158218C36D9003F976B /* Run Script - fabric */ = {
			isa = PBXShellScriptBuildPhase;
			buildActionMask = 8;
			files = (
			);
			inputFileListPaths = (
			);
			inputPaths = (
				"$(BUILT_PRODUCTS_DIR)/$(INFOPLIST_PATH)",
			);
			name = "Run Script - fabric";
			outputFileListPaths = (
			);
			outputPaths = (
			);
			runOnlyForDeploymentPostprocessing = 1;
			shellPath = /bin/sh;
			shellScript = "\"${PODS_ROOT}/Fabric/run\"\n";
		};
		6BDE915B218C4E91003F976B /* Run Script - fabric */ = {
			isa = PBXShellScriptBuildPhase;
			buildActionMask = 8;
			files = (
			);
			inputFileListPaths = (
			);
			inputPaths = (
				"$(BUILT_PRODUCTS_DIR)/$(INFOPLIST_PATH)",
			);
			name = "Run Script - fabric";
			outputFileListPaths = (
			);
			outputPaths = (
			);
			runOnlyForDeploymentPostprocessing = 1;
			shellPath = /bin/sh;
			shellScript = "\"${PODS_ROOT}/Fabric/run\"\n";
		};
		707BD31321A77514E1E6DFB4 /* [CP] Check Pods Manifest.lock */ = {
			isa = PBXShellScriptBuildPhase;
			buildActionMask = 2147483647;
			files = (
			);
			inputPaths = (
				"${PODS_PODFILE_DIR_PATH}/Podfile.lock",
				"${PODS_ROOT}/Manifest.lock",
			);
			name = "[CP] Check Pods Manifest.lock";
			outputPaths = (
				"$(DERIVED_FILE_DIR)/Pods-Project-OTGRider-checkManifestLockResult.txt",
			);
			runOnlyForDeploymentPostprocessing = 0;
			shellPath = /bin/sh;
			shellScript = "diff \"${PODS_PODFILE_DIR_PATH}/Podfile.lock\" \"${PODS_ROOT}/Manifest.lock\" > /dev/null\nif [ $? != 0 ] ; then\n    # print error to STDERR\n    echo \"error: The sandbox is not in sync with the Podfile.lock. Run 'pod install' or update your CocoaPods installation.\" >&2\n    exit 1\nfi\n# This output is used by Xcode 'outputs' to avoid re-running this script phase.\necho \"SUCCESS\" > \"${SCRIPT_OUTPUT_FILE_0}\"\n";
			showEnvVarsInLog = 0;
		};
		CAD76B0E74731C1E07EFC9FB /* [CP] Copy Pods Resources */ = {
			isa = PBXShellScriptBuildPhase;
			buildActionMask = 2147483647;
			files = (
			);
			inputPaths = (
				"${SRCROOT}/Pods/Target Support Files/Pods-Project-OTGRider-staging/Pods-Project-OTGRider-staging-resources.sh",
				"${PODS_ROOT}/GoogleMaps/Maps/Frameworks/GoogleMaps.framework/Resources/GoogleMaps.bundle",
			);
			name = "[CP] Copy Pods Resources";
			outputPaths = (
				"${TARGET_BUILD_DIR}/${UNLOCALIZED_RESOURCES_FOLDER_PATH}/GoogleMaps.bundle",
			);
			runOnlyForDeploymentPostprocessing = 0;
			shellPath = /bin/sh;
			shellScript = "\"${SRCROOT}/Pods/Target Support Files/Pods-Project-OTGRider-staging/Pods-Project-OTGRider-staging-resources.sh\"\n";
			showEnvVarsInLog = 0;
		};
		E43CD957A6499CF142FF20F8 /* [CP] Check Pods Manifest.lock */ = {
			isa = PBXShellScriptBuildPhase;
			buildActionMask = 2147483647;
			files = (
			);
			inputPaths = (
				"${PODS_PODFILE_DIR_PATH}/Podfile.lock",
				"${PODS_ROOT}/Manifest.lock",
			);
			name = "[CP] Check Pods Manifest.lock";
			outputPaths = (
				"$(DERIVED_FILE_DIR)/Pods-Project-OTGRider-staging-checkManifestLockResult.txt",
			);
			runOnlyForDeploymentPostprocessing = 0;
			shellPath = /bin/sh;
			shellScript = "diff \"${PODS_PODFILE_DIR_PATH}/Podfile.lock\" \"${PODS_ROOT}/Manifest.lock\" > /dev/null\nif [ $? != 0 ] ; then\n    # print error to STDERR\n    echo \"error: The sandbox is not in sync with the Podfile.lock. Run 'pod install' or update your CocoaPods installation.\" >&2\n    exit 1\nfi\n# This output is used by Xcode 'outputs' to avoid re-running this script phase.\necho \"SUCCESS\" > \"${SCRIPT_OUTPUT_FILE_0}\"\n";
			showEnvVarsInLog = 0;
		};
/* End PBXShellScriptBuildPhase section */

/* Begin PBXSourcesBuildPhase section */
		6BDE911F218C19DF003F976B /* Sources */ = {
			isa = PBXSourcesBuildPhase;
			buildActionMask = 2147483647;
			files = (
				6BDE915F218C79C1003F976B /* ServiceError.swift in Sources */,
				6BDE9120218C19DF003F976B /* MapViewController.swift in Sources */,
				6BDE9121218C19DF003F976B /* Assets.swift in Sources */,
				6BDE9122218C19DF003F976B /* String+Validate.swift in Sources */,
				6BDE9123218C19DF003F976B /* UserDefaults.swift in Sources */,
				6BDE9124218C19DF003F976B /* SideMenuViewController.swift in Sources */,
				6BDE916B218CFA4A003F976B /* VerifyCodeViewController.swift in Sources */,
				6BDE9167218C8FBB003F976B /* UserService.swift in Sources */,
				6BDE9125218C19DF003F976B /* AppDelegate.swift in Sources */,
				6B214AEA21958ED100553C3D /* EditPhoneViewController.swift in Sources */,
				6BDE916F218CFBF9003F976B /* UIViewControoler+Popup.swift in Sources */,
				6BDE9153218C3073003F976B /* APIClient.swift in Sources */,
				6BDE9126218C19DF003F976B /* SignInViewController.swift in Sources */,
				6BDE9127218C19DF003F976B /* Strings.swift in Sources */,
				6BDE9128218C19DF003F976B /* SettingsTableViewController.swift in Sources */,
				6B849D4A21941EB300CD9791 /* PhoneService.swift in Sources */,
				6B444FE92191AC2E00DFB787 /* EmailAuthViewController.swift in Sources */,
				6BDE9129218C19DF003F976B /* EnableLocationViewController.swift in Sources */,
				6B214AE2219564CD00553C3D /* EditNameViewController.swift in Sources */,
				6BDE912A218C19DF003F976B /* AccountViewController.swift in Sources */,
				6B214AE62195701C00553C3D /* EditEmailViewController.swift in Sources */,
				6BDE912C218C19DF003F976B /* StoryboardSegues.swift in Sources */,
				6BDE914E218C1DBB003F976B /* Configuration.swift in Sources */,
				6B849D4721941EB300CD9791 /* AuthService.swift in Sources */,
				6B214AEE2195B66300553C3D /* Double+Currency.swift in Sources */,
				6BDE912D218C19DF003F976B /* UnlockByScanViewController.swift in Sources */,
				6BDE9163218C833E003F976B /* Aliases.swift in Sources */,
				6BDE912E218C19DF003F976B /* Constants.swift in Sources */,
				6BDE912F218C19DF003F976B /* PaymentMethodTableViewController.swift in Sources */,
				6BDE9173218D269D003F976B /* UIStoryboardSegueWithCompletion.swift in Sources */,
				6BDE9130218C19DF003F976B /* EnableNotificationViewController.swift in Sources */,
			);
			runOnlyForDeploymentPostprocessing = 0;
		};
		A0CFE79321747BF000BA3F6D /* Sources */ = {
			isa = PBXSourcesBuildPhase;
			buildActionMask = 2147483647;
			files = (
				6BDE915D218C79C1003F976B /* ServiceError.swift in Sources */,
				A0CFE79D21747BF000BA3F6D /* MapViewController.swift in Sources */,
				6B8731B22189BA8D00CC2651 /* Assets.swift in Sources */,
				6B8731C32189CA0400CC2651 /* String+Validate.swift in Sources */,
				6B8731A72189A70600CC2651 /* UserDefaults.swift in Sources */,
				A0CFE7BC21773C0200BA3F6D /* SideMenuViewController.swift in Sources */,
				6BDE9169218CFA4A003F976B /* VerifyCodeViewController.swift in Sources */,
				6BDE9165218C8FBB003F976B /* UserService.swift in Sources */,
				A0CFE79B21747BF000BA3F6D /* AppDelegate.swift in Sources */,
				6B214AE821958ED100553C3D /* EditPhoneViewController.swift in Sources */,
				6BDE916D218CFBF9003F976B /* UIViewControoler+Popup.swift in Sources */,
				6BDE9151218C3073003F976B /* APIClient.swift in Sources */,
				6B8731C02189C7FA00CC2651 /* SignInViewController.swift in Sources */,
				6B8731B02189BA8D00CC2651 /* Strings.swift in Sources */,
				6B87320A218ACD6400CC2651 /* SettingsTableViewController.swift in Sources */,
				6B849D4821941EB300CD9791 /* PhoneService.swift in Sources */,
				6B444FE72191AC2E00DFB787 /* EmailAuthViewController.swift in Sources */,
				6B8731CD2189DA4A00CC2651 /* EnableLocationViewController.swift in Sources */,
				6B214AE0219564CD00553C3D /* EditNameViewController.swift in Sources */,
				6B8731F8218AA4AF00CC2651 /* AccountViewController.swift in Sources */,
				6B214AE42195701C00553C3D /* EditEmailViewController.swift in Sources */,
				6B8731B62189BAC400CC2651 /* StoryboardSegues.swift in Sources */,
				6BDE914C218C1DBB003F976B /* Configuration.swift in Sources */,
				6B849D4521941EB300CD9791 /* AuthService.swift in Sources */,
				6B214AEC2195B66300553C3D /* Double+Currency.swift in Sources */,
				6B873201218AA9F400CC2651 /* UnlockByScanViewController.swift in Sources */,
				6BDE9161218C833E003F976B /* Aliases.swift in Sources */,
				6B8731A3218997B600CC2651 /* Constants.swift in Sources */,
				6B8731FE218AA53100CC2651 /* PaymentMethodTableViewController.swift in Sources */,
				6BDE9171218D269D003F976B /* UIStoryboardSegueWithCompletion.swift in Sources */,
				6B8731D02189DB7600CC2651 /* EnableNotificationViewController.swift in Sources */,
			);
			runOnlyForDeploymentPostprocessing = 0;
		};
		A0CFE7AD21747D2B00BA3F6D /* Sources */ = {
			isa = PBXSourcesBuildPhase;
			buildActionMask = 2147483647;
			files = (
				6BDE915E218C79C1003F976B /* ServiceError.swift in Sources */,
				A0CFE7AE21747D2B00BA3F6D /* MapViewController.swift in Sources */,
				6B8731B32189BA8D00CC2651 /* Assets.swift in Sources */,
				6B8731C42189CA0400CC2651 /* String+Validate.swift in Sources */,
				6B8731A82189A70600CC2651 /* UserDefaults.swift in Sources */,
				A0CFE7BD21773C0200BA3F6D /* SideMenuViewController.swift in Sources */,
				6BDE916A218CFA4A003F976B /* VerifyCodeViewController.swift in Sources */,
				6BDE9166218C8FBB003F976B /* UserService.swift in Sources */,
				A0CFE7AF21747D2B00BA3F6D /* AppDelegate.swift in Sources */,
				6B214AE921958ED100553C3D /* EditPhoneViewController.swift in Sources */,
				6BDE916E218CFBF9003F976B /* UIViewControoler+Popup.swift in Sources */,
				6BDE9152218C3073003F976B /* APIClient.swift in Sources */,
				6B8731C12189C7FA00CC2651 /* SignInViewController.swift in Sources */,
				6B8731B12189BA8D00CC2651 /* Strings.swift in Sources */,
				6B87320B218ACD6400CC2651 /* SettingsTableViewController.swift in Sources */,
				6B849D4921941EB300CD9791 /* PhoneService.swift in Sources */,
				6B444FE82191AC2E00DFB787 /* EmailAuthViewController.swift in Sources */,
				6B8731CE2189DA4A00CC2651 /* EnableLocationViewController.swift in Sources */,
				6B214AE1219564CD00553C3D /* EditNameViewController.swift in Sources */,
				6B8731F9218AA4AF00CC2651 /* AccountViewController.swift in Sources */,
				6B214AE52195701C00553C3D /* EditEmailViewController.swift in Sources */,
				6B8731B72189BAC400CC2651 /* StoryboardSegues.swift in Sources */,
				6BDE914D218C1DBB003F976B /* Configuration.swift in Sources */,
				6B849D4621941EB300CD9791 /* AuthService.swift in Sources */,
				6B214AED2195B66300553C3D /* Double+Currency.swift in Sources */,
				6B873202218AA9F400CC2651 /* UnlockByScanViewController.swift in Sources */,
				6BDE9162218C833E003F976B /* Aliases.swift in Sources */,
				6B8731A4218997B600CC2651 /* Constants.swift in Sources */,
				6B8731FF218AA53100CC2651 /* PaymentMethodTableViewController.swift in Sources */,
				6BDE9172218D269D003F976B /* UIStoryboardSegueWithCompletion.swift in Sources */,
				6B8731D12189DB7600CC2651 /* EnableNotificationViewController.swift in Sources */,
			);
			runOnlyForDeploymentPostprocessing = 0;
		};
/* End PBXSourcesBuildPhase section */

/* Begin PBXVariantGroup section */
		6B8731A92189B9A500CC2651 /* Localizable.strings */ = {
			isa = PBXVariantGroup;
			children = (
				6B8731AA2189B9A500CC2651 /* Base */,
			);
			name = Localizable.strings;
			sourceTree = "<group>";
		};
		6B8731BB2189C2B900CC2651 /* SignIn.storyboard */ = {
			isa = PBXVariantGroup;
			children = (
				6B8731BC2189C2B900CC2651 /* Base */,
			);
			name = SignIn.storyboard;
			sourceTree = "<group>";
		};
		6B8731C82189D86600CC2651 /* Onboard.storyboard */ = {
			isa = PBXVariantGroup;
			children = (
				6B8731C92189D86600CC2651 /* Base */,
			);
			name = Onboard.storyboard;
			sourceTree = "<group>";
		};
		6B8731D7218A909400CC2651 /* SideMenu.storyboard */ = {
			isa = PBXVariantGroup;
			children = (
				6B8731D8218A909400CC2651 /* Base */,
			);
			name = SideMenu.storyboard;
			sourceTree = "<group>";
		};
		6B8731DC218A962D00CC2651 /* HowToRide.storyboard */ = {
			isa = PBXVariantGroup;
			children = (
				6B8731DD218A962D00CC2651 /* Base */,
			);
			name = HowToRide.storyboard;
			sourceTree = "<group>";
		};
		6B8731E0218A97BF00CC2651 /* History.storyboard */ = {
			isa = PBXVariantGroup;
			children = (
				6B8731E1218A97BF00CC2651 /* Base */,
			);
			name = History.storyboard;
			sourceTree = "<group>";
		};
		6B8731E4218A986200CC2651 /* Account.storyboard */ = {
			isa = PBXVariantGroup;
			children = (
				6B8731E5218A986200CC2651 /* Base */,
			);
			name = Account.storyboard;
			sourceTree = "<group>";
		};
		6B8731E8218A98EE00CC2651 /* Help.storyboard */ = {
			isa = PBXVariantGroup;
			children = (
				6B8731E9218A98EE00CC2651 /* Base */,
			);
			name = Help.storyboard;
			sourceTree = "<group>";
		};
		6B8731EA218A98EE00CC2651 /* Settings.storyboard */ = {
			isa = PBXVariantGroup;
			children = (
				6B8731EB218A98EE00CC2651 /* Base */,
			);
			name = Settings.storyboard;
			sourceTree = "<group>";
		};
		6B8731F3218A9A9000CC2651 /* Unlock.storyboard */ = {
			isa = PBXVariantGroup;
			children = (
				6B8731F4218A9A9000CC2651 /* Base */,
			);
			name = Unlock.storyboard;
			sourceTree = "<group>";
		};
		A0CFE79E21747BF000BA3F6D /* Main.storyboard */ = {
			isa = PBXVariantGroup;
			children = (
				A0CFE79F21747BF000BA3F6D /* Base */,
			);
			name = Main.storyboard;
			sourceTree = "<group>";
		};
		A0CFE7A321747BF500BA3F6D /* LaunchScreen.storyboard */ = {
			isa = PBXVariantGroup;
			children = (
				A0CFE7A421747BF500BA3F6D /* Base */,
			);
			name = LaunchScreen.storyboard;
			sourceTree = "<group>";
		};
/* End PBXVariantGroup section */

/* Begin XCBuildConfiguration section */
		6BDE9144218C19DF003F976B /* Debug */ = {
			isa = XCBuildConfiguration;
			baseConfigurationReference = 86B2C7CC09C21C83C016544C /* Pods-Project-OTGRider-dev.debug.xcconfig */;
			buildSettings = {
				ASSETCATALOG_COMPILER_APPICON_NAME = AppIcon;
				CODE_SIGN_ENTITLEMENTS = "OTGRider/OTGRider-dev.entitlements";
				CODE_SIGN_STYLE = Automatic;
				DEVELOPMENT_TEAM = VQXKH8T8SZ;
				INFOPLIST_FILE = "$(SRCROOT)/OTGRider/Dev-Info.plist";
				LD_RUNPATH_SEARCH_PATHS = (
					"$(inherited)",
					"@executable_path/Frameworks",
				);
				PRODUCT_BUNDLE_IDENTIFIER = com.otgride.ios.rider.dev;
				PRODUCT_NAME = "$(TARGET_NAME)";
				SWIFT_VERSION = 4.2;
				TARGETED_DEVICE_FAMILY = 1;
			};
			name = Debug;
		};
		6BDE9145218C19DF003F976B /* Release */ = {
			isa = XCBuildConfiguration;
			baseConfigurationReference = 437747352F7B2C3F6BA2A8AF /* Pods-Project-OTGRider-dev.release.xcconfig */;
			buildSettings = {
				ASSETCATALOG_COMPILER_APPICON_NAME = AppIcon;
				CODE_SIGN_ENTITLEMENTS = "OTGRider/OTGRider-dev.entitlements";
				CODE_SIGN_STYLE = Automatic;
				DEVELOPMENT_TEAM = VQXKH8T8SZ;
				INFOPLIST_FILE = "$(SRCROOT)/OTGRider/Dev-Info.plist";
				LD_RUNPATH_SEARCH_PATHS = (
					"$(inherited)",
					"@executable_path/Frameworks",
				);
				PRODUCT_BUNDLE_IDENTIFIER = com.otgride.ios.rider.dev;
				PRODUCT_NAME = "$(TARGET_NAME)";
				SWIFT_VERSION = 4.2;
				TARGETED_DEVICE_FAMILY = 1;
			};
			name = Release;
		};
		A0CFE7A721747BF500BA3F6D /* Debug */ = {
			isa = XCBuildConfiguration;
			buildSettings = {
				ALWAYS_SEARCH_USER_PATHS = NO;
				CLANG_ANALYZER_NONNULL = YES;
				CLANG_ANALYZER_NUMBER_OBJECT_CONVERSION = YES_AGGRESSIVE;
				CLANG_CXX_LANGUAGE_STANDARD = "gnu++14";
				CLANG_CXX_LIBRARY = "libc++";
				CLANG_ENABLE_MODULES = YES;
				CLANG_ENABLE_OBJC_ARC = YES;
				CLANG_ENABLE_OBJC_WEAK = YES;
				CLANG_WARN_BLOCK_CAPTURE_AUTORELEASING = YES;
				CLANG_WARN_BOOL_CONVERSION = YES;
				CLANG_WARN_COMMA = YES;
				CLANG_WARN_CONSTANT_CONVERSION = YES;
				CLANG_WARN_DEPRECATED_OBJC_IMPLEMENTATIONS = YES;
				CLANG_WARN_DIRECT_OBJC_ISA_USAGE = YES_ERROR;
				CLANG_WARN_DOCUMENTATION_COMMENTS = YES;
				CLANG_WARN_EMPTY_BODY = YES;
				CLANG_WARN_ENUM_CONVERSION = YES;
				CLANG_WARN_INFINITE_RECURSION = YES;
				CLANG_WARN_INT_CONVERSION = YES;
				CLANG_WARN_NON_LITERAL_NULL_CONVERSION = YES;
				CLANG_WARN_OBJC_IMPLICIT_RETAIN_SELF = YES;
				CLANG_WARN_OBJC_LITERAL_CONVERSION = YES;
				CLANG_WARN_OBJC_ROOT_CLASS = YES_ERROR;
				CLANG_WARN_RANGE_LOOP_ANALYSIS = YES;
				CLANG_WARN_STRICT_PROTOTYPES = YES;
				CLANG_WARN_SUSPICIOUS_MOVE = YES;
				CLANG_WARN_UNGUARDED_AVAILABILITY = YES_AGGRESSIVE;
				CLANG_WARN_UNREACHABLE_CODE = YES;
				CLANG_WARN__DUPLICATE_METHOD_MATCH = YES;
				CODE_SIGN_IDENTITY = "iPhone Developer";
				COPY_PHASE_STRIP = NO;
				DEBUG_INFORMATION_FORMAT = dwarf;
				ENABLE_STRICT_OBJC_MSGSEND = YES;
				ENABLE_TESTABILITY = YES;
				GCC_C_LANGUAGE_STANDARD = gnu11;
				GCC_DYNAMIC_NO_PIC = NO;
				GCC_NO_COMMON_BLOCKS = YES;
				GCC_OPTIMIZATION_LEVEL = 0;
				GCC_PREPROCESSOR_DEFINITIONS = (
					"DEBUG=1",
					"$(inherited)",
				);
				GCC_WARN_64_TO_32_BIT_CONVERSION = YES;
				GCC_WARN_ABOUT_RETURN_TYPE = YES_ERROR;
				GCC_WARN_UNDECLARED_SELECTOR = YES;
				GCC_WARN_UNINITIALIZED_AUTOS = YES_AGGRESSIVE;
				GCC_WARN_UNUSED_FUNCTION = YES;
				GCC_WARN_UNUSED_VARIABLE = YES;
				IPHONEOS_DEPLOYMENT_TARGET = 10.0;
				MTL_ENABLE_DEBUG_INFO = INCLUDE_SOURCE;
				MTL_FAST_MATH = YES;
				ONLY_ACTIVE_ARCH = YES;
				SDKROOT = iphoneos;
				SWIFT_ACTIVE_COMPILATION_CONDITIONS = DEBUG;
				SWIFT_OPTIMIZATION_LEVEL = "-Onone";
			};
			name = Debug;
		};
		A0CFE7A821747BF500BA3F6D /* Release */ = {
			isa = XCBuildConfiguration;
			buildSettings = {
				ALWAYS_SEARCH_USER_PATHS = NO;
				CLANG_ANALYZER_NONNULL = YES;
				CLANG_ANALYZER_NUMBER_OBJECT_CONVERSION = YES_AGGRESSIVE;
				CLANG_CXX_LANGUAGE_STANDARD = "gnu++14";
				CLANG_CXX_LIBRARY = "libc++";
				CLANG_ENABLE_MODULES = YES;
				CLANG_ENABLE_OBJC_ARC = YES;
				CLANG_ENABLE_OBJC_WEAK = YES;
				CLANG_WARN_BLOCK_CAPTURE_AUTORELEASING = YES;
				CLANG_WARN_BOOL_CONVERSION = YES;
				CLANG_WARN_COMMA = YES;
				CLANG_WARN_CONSTANT_CONVERSION = YES;
				CLANG_WARN_DEPRECATED_OBJC_IMPLEMENTATIONS = YES;
				CLANG_WARN_DIRECT_OBJC_ISA_USAGE = YES_ERROR;
				CLANG_WARN_DOCUMENTATION_COMMENTS = YES;
				CLANG_WARN_EMPTY_BODY = YES;
				CLANG_WARN_ENUM_CONVERSION = YES;
				CLANG_WARN_INFINITE_RECURSION = YES;
				CLANG_WARN_INT_CONVERSION = YES;
				CLANG_WARN_NON_LITERAL_NULL_CONVERSION = YES;
				CLANG_WARN_OBJC_IMPLICIT_RETAIN_SELF = YES;
				CLANG_WARN_OBJC_LITERAL_CONVERSION = YES;
				CLANG_WARN_OBJC_ROOT_CLASS = YES_ERROR;
				CLANG_WARN_RANGE_LOOP_ANALYSIS = YES;
				CLANG_WARN_STRICT_PROTOTYPES = YES;
				CLANG_WARN_SUSPICIOUS_MOVE = YES;
				CLANG_WARN_UNGUARDED_AVAILABILITY = YES_AGGRESSIVE;
				CLANG_WARN_UNREACHABLE_CODE = YES;
				CLANG_WARN__DUPLICATE_METHOD_MATCH = YES;
				CODE_SIGN_IDENTITY = "iPhone Developer";
				COPY_PHASE_STRIP = NO;
				DEBUG_INFORMATION_FORMAT = "dwarf-with-dsym";
				ENABLE_NS_ASSERTIONS = NO;
				ENABLE_STRICT_OBJC_MSGSEND = YES;
				GCC_C_LANGUAGE_STANDARD = gnu11;
				GCC_NO_COMMON_BLOCKS = YES;
				GCC_WARN_64_TO_32_BIT_CONVERSION = YES;
				GCC_WARN_ABOUT_RETURN_TYPE = YES_ERROR;
				GCC_WARN_UNDECLARED_SELECTOR = YES;
				GCC_WARN_UNINITIALIZED_AUTOS = YES_AGGRESSIVE;
				GCC_WARN_UNUSED_FUNCTION = YES;
				GCC_WARN_UNUSED_VARIABLE = YES;
				IPHONEOS_DEPLOYMENT_TARGET = 10.0;
				MTL_ENABLE_DEBUG_INFO = NO;
				MTL_FAST_MATH = YES;
				SDKROOT = iphoneos;
				SWIFT_COMPILATION_MODE = wholemodule;
				SWIFT_OPTIMIZATION_LEVEL = "-O";
				VALIDATE_PRODUCT = YES;
			};
			name = Release;
		};
		A0CFE7AA21747BF500BA3F6D /* Debug */ = {
			isa = XCBuildConfiguration;
			baseConfigurationReference = 848109A96BFCE9E8CB0B64EB /* Pods-Project-OTGRider.debug.xcconfig */;
			buildSettings = {
				ASSETCATALOG_COMPILER_APPICON_NAME = AppIcon;
				CODE_SIGN_ENTITLEMENTS = OTGRider/OTGRider.entitlements;
				CODE_SIGN_STYLE = Automatic;
				DEVELOPMENT_TEAM = VQXKH8T8SZ;
				INFOPLIST_FILE = OTGRider/Info.plist;
				LD_RUNPATH_SEARCH_PATHS = (
					"$(inherited)",
					"@executable_path/Frameworks",
				);
				PRODUCT_BUNDLE_IDENTIFIER = com.otgride.ios.rider;
				PRODUCT_NAME = "$(TARGET_NAME)";
				SWIFT_VERSION = 4.2;
				TARGETED_DEVICE_FAMILY = 1;
			};
			name = Debug;
		};
		A0CFE7AB21747BF500BA3F6D /* Release */ = {
			isa = XCBuildConfiguration;
			baseConfigurationReference = C7D5E790534A2BF2E5A055CA /* Pods-Project-OTGRider.release.xcconfig */;
			buildSettings = {
				ASSETCATALOG_COMPILER_APPICON_NAME = AppIcon;
				CODE_SIGN_ENTITLEMENTS = OTGRider/OTGRider.entitlements;
				CODE_SIGN_STYLE = Automatic;
				DEVELOPMENT_TEAM = VQXKH8T8SZ;
				INFOPLIST_FILE = OTGRider/Info.plist;
				LD_RUNPATH_SEARCH_PATHS = (
					"$(inherited)",
					"@executable_path/Frameworks",
				);
				PRODUCT_BUNDLE_IDENTIFIER = com.otgride.ios.rider;
				PRODUCT_NAME = "$(TARGET_NAME)";
				SWIFT_ACTIVE_COMPILATION_CONDITIONS = "";
				SWIFT_VERSION = 4.2;
				TARGETED_DEVICE_FAMILY = 1;
			};
			name = Release;
		};
		A0CFE7B621747D2B00BA3F6D /* Debug */ = {
			isa = XCBuildConfiguration;
			baseConfigurationReference = D4CD78A99E31FADB2BDC1666 /* Pods-Project-OTGRider-staging.debug.xcconfig */;
			buildSettings = {
				ASSETCATALOG_COMPILER_APPICON_NAME = AppIcon;
				CODE_SIGN_ENTITLEMENTS = "OTGRider/OTGRider-staging.entitlements";
				CODE_SIGN_STYLE = Automatic;
				DEVELOPMENT_TEAM = VQXKH8T8SZ;
				INFOPLIST_FILE = "$(SRCROOT)/OTGRider/Staging-Info.plist";
				LD_RUNPATH_SEARCH_PATHS = (
					"$(inherited)",
					"@executable_path/Frameworks",
				);
				PRODUCT_BUNDLE_IDENTIFIER = com.otgride.ios.rider.staging;
				PRODUCT_NAME = "$(TARGET_NAME)";
				SWIFT_VERSION = 4.2;
				TARGETED_DEVICE_FAMILY = 1;
			};
			name = Debug;
		};
		A0CFE7B721747D2B00BA3F6D /* Release */ = {
			isa = XCBuildConfiguration;
			baseConfigurationReference = CDB8458ABF4555A18A854D54 /* Pods-Project-OTGRider-staging.release.xcconfig */;
			buildSettings = {
				ASSETCATALOG_COMPILER_APPICON_NAME = AppIcon;
				CODE_SIGN_ENTITLEMENTS = "OTGRider/OTGRider-staging.entitlements";
				CODE_SIGN_STYLE = Automatic;
				DEVELOPMENT_TEAM = VQXKH8T8SZ;
				INFOPLIST_FILE = "$(SRCROOT)/OTGRider/Staging-Info.plist";
				LD_RUNPATH_SEARCH_PATHS = (
					"$(inherited)",
					"@executable_path/Frameworks",
				);
				PRODUCT_BUNDLE_IDENTIFIER = com.otgride.ios.rider.staging;
				PRODUCT_NAME = "$(TARGET_NAME)";
				SWIFT_ACTIVE_COMPILATION_CONDITIONS = "";
				SWIFT_VERSION = 4.2;
				TARGETED_DEVICE_FAMILY = 1;
			};
			name = Release;
		};
/* End XCBuildConfiguration section */

/* Begin XCConfigurationList section */
		6BDE9143218C19DF003F976B /* Build configuration list for PBXNativeTarget "OTGRider-dev" */ = {
			isa = XCConfigurationList;
			buildConfigurations = (
				6BDE9144218C19DF003F976B /* Debug */,
				6BDE9145218C19DF003F976B /* Release */,
			);
			defaultConfigurationIsVisible = 0;
			defaultConfigurationName = Release;
		};
		A0CFE79221747BF000BA3F6D /* Build configuration list for PBXProject "OTGRider" */ = {
			isa = XCConfigurationList;
			buildConfigurations = (
				A0CFE7A721747BF500BA3F6D /* Debug */,
				A0CFE7A821747BF500BA3F6D /* Release */,
			);
			defaultConfigurationIsVisible = 0;
			defaultConfigurationName = Release;
		};
		A0CFE7A921747BF500BA3F6D /* Build configuration list for PBXNativeTarget "OTGRider" */ = {
			isa = XCConfigurationList;
			buildConfigurations = (
				A0CFE7AA21747BF500BA3F6D /* Debug */,
				A0CFE7AB21747BF500BA3F6D /* Release */,
			);
			defaultConfigurationIsVisible = 0;
			defaultConfigurationName = Release;
		};
		A0CFE7B521747D2B00BA3F6D /* Build configuration list for PBXNativeTarget "OTGRider-staging" */ = {
			isa = XCConfigurationList;
			buildConfigurations = (
				A0CFE7B621747D2B00BA3F6D /* Debug */,
				A0CFE7B721747D2B00BA3F6D /* Release */,
			);
			defaultConfigurationIsVisible = 0;
			defaultConfigurationName = Release;
		};
/* End XCConfigurationList section */
	};
	rootObject = A0CFE78F21747BF000BA3F6D /* Project object */;
}
